// !$*UTF8*$!
{
	archiveVersion = 1;
	classes = {
	};
	objectVersion = 46;
	objects = {

/* Begin PBXBuildFile section */
		1A8A4B5326082D28003126F8 /* StringExtensionsSpec.swift in Sources */ = {isa = PBXBuildFile; fileRef = 1A8A4B5226082D28003126F8 /* StringExtensionsSpec.swift */; };
		1A9333A826031B4300953865 /* IOpenLPServiceConverter.swift in Sources */ = {isa = PBXBuildFile; fileRef = 1A9333A726031B4300953865 /* IOpenLPServiceConverter.swift */; };
		1A9333B926031C9200953865 /* OpenLPServiceConverter.swift in Sources */ = {isa = PBXBuildFile; fileRef = 1A9333B826031C9200953865 /* OpenLPServiceConverter.swift */; };
		1A9333CF26031E0000953865 /* OpenLPServiceConverterSpec.swift in Sources */ = {isa = PBXBuildFile; fileRef = 1A9333CE26031E0000953865 /* OpenLPServiceConverterSpec.swift */; };
		1A9333D82603372E00953865 /* openlp-service-lite.osj in Resources */ = {isa = PBXBuildFile; fileRef = 1A9333D72603372E00953865 /* openlp-service-lite.osj */; };
		1AADE9112627CD5C00EED553 /* DependencyAssembly.swift in Sources */ = {isa = PBXBuildFile; fileRef = 1AADE9102627CD5C00EED553 /* DependencyAssembly.swift */; };
		1AADE9162627D40500EED553 /* AppLogger.swift in Sources */ = {isa = PBXBuildFile; fileRef = 1AADE9152627D40500EED553 /* AppLogger.swift */; };
		1AADE9272629639400EED553 /* TitlesViewModel.swift in Sources */ = {isa = PBXBuildFile; fileRef = 1AADE9262629639400EED553 /* TitlesViewModel.swift */; };
		1AADE930262963C600EED553 /* TitlesViewModelSpec.swift in Sources */ = {isa = PBXBuildFile; fileRef = 1AADE92F262963C600EED553 /* TitlesViewModelSpec.swift */; };
		1ACC3A7C262D3A9C006BCB16 /* LyricsXmlParserSpec.swift in Sources */ = {isa = PBXBuildFile; fileRef = 1ACC3A7B262D3A9C006BCB16 /* LyricsXmlParserSpec.swift */; };
		1ADDED4126048B2D004724DD /* DatabaseHelperSpec.swift in Sources */ = {isa = PBXBuildFile; fileRef = 1ADDED4026048B2D004724DD /* DatabaseHelperSpec.swift */; };
		1AF35E63260C17C500AF0F2E /* ConvertFavouritesToOpenLPServiceAcceptanceSpec.swift in Sources */ = {isa = PBXBuildFile; fileRef = 1AF35E62260C17C500AF0F2E /* ConvertFavouritesToOpenLPServiceAcceptanceSpec.swift */; };
		280B923E1E77830E00833EAA /* DeviceUtils.swift in Sources */ = {isa = PBXBuildFile; fileRef = 280B923D1E77830E00833EAA /* DeviceUtils.swift */; };
		283D8F0A1E7797540078B159 /* DeviceUtils.swift in Sources */ = {isa = PBXBuildFile; fileRef = 280B923D1E77830E00833EAA /* DeviceUtils.swift */; };
		285D5A641E76497000C3F1EE /* CommonConstants.swift in Sources */ = {isa = PBXBuildFile; fileRef = 285D5A631E76497000C3F1EE /* CommonConstants.swift */; };
		28786FCC1F78F7310085B216 /* SongBook.swift in Sources */ = {isa = PBXBuildFile; fileRef = 28786FCB1F78F7310085B216 /* SongBook.swift */; };
		28786FCE1F78FAD30085B216 /* SongBookService.swift in Sources */ = {isa = PBXBuildFile; fileRef = 28786FCD1F78FAD30085B216 /* SongBookService.swift */; };
		28E0544F1F7B31EB006502EB /* SongBookController.swift in Sources */ = {isa = PBXBuildFile; fileRef = 28E0544E1F7B31EB006502EB /* SongBookController.swift */; };
		2F055E2C1DE28664003908CF /* FullScreenViewController.swift in Sources */ = {isa = PBXBuildFile; fileRef = 2FE840FA1DDC6210002B3379 /* FullScreenViewController.swift */; };
		2F06EE041EF8EBF8006B5E62 /* LanguageSettingViewController.swift in Sources */ = {isa = PBXBuildFile; fileRef = 2F06EE031EF8EBF8006B5E62 /* LanguageSettingViewController.swift */; };
		2F08FFD51F30093400B894FB /* UpdateService.swift in Sources */ = {isa = PBXBuildFile; fileRef = 2F08FFD41F30093400B894FB /* UpdateService.swift */; };
		2F08FFD71F301B8A00B894FB /* RestApiService.swift in Sources */ = {isa = PBXBuildFile; fileRef = 2F08FFD61F301B8A00B894FB /* RestApiService.swift */; };
		2F0A5F601F7B35F00026EC48 /* AddFavoriteViewController.swift in Sources */ = {isa = PBXBuildFile; fileRef = 2F0A5F5F1F7B35F00026EC48 /* AddFavoriteViewController.swift */; };
		2F0A70F91E1B432D0025F156 /* TitleTableViewCell.swift in Sources */ = {isa = PBXBuildFile; fileRef = 2F0A70F81E1B432D0025F156 /* TitleTableViewCell.swift */; };
		2F1044201E6422E200DBDD54 /* DatabaseLoadingViewController.swift in Sources */ = {isa = PBXBuildFile; fileRef = 2F10441F1E6422E200DBDD54 /* DatabaseLoadingViewController.swift */; };
		2F16DED11E5A824000E3CA27 /* FavoritesSongsWithOrder.swift in Sources */ = {isa = PBXBuildFile; fileRef = 2F16DED01E5A824000E3CA27 /* FavoritesSongsWithOrder.swift */; };
		2F18C4C31E8DE6B800E540AF /* CategoriesTableViewController.swift in Sources */ = {isa = PBXBuildFile; fileRef = 2F18C4C21E8DE6B800E540AF /* CategoriesTableViewController.swift */; };
		2F18C4C51E8DF17700E540AF /* Category.swift in Sources */ = {isa = PBXBuildFile; fileRef = 2F18C4C41E8DF17700E540AF /* Category.swift */; };
		2F19EAFE1E5FBE4D00B989D8 /* Downloader.swift in Sources */ = {isa = PBXBuildFile; fileRef = 2F19EAFD1E5FBE4D00B989D8 /* Downloader.swift */; };
		2F19EB001E6005A000B989D8 /* RemoteUrlViewController.swift in Sources */ = {isa = PBXBuildFile; fileRef = 2F19EAFF1E6005A000B989D8 /* RemoteUrlViewController.swift */; };
		2F1F2A0B1E5C09290046EFDA /* FavoritesSong.swift in Sources */ = {isa = PBXBuildFile; fileRef = 2F1F2A0A1E5C09290046EFDA /* FavoritesSong.swift */; };
		2F505D4420F7557B009FF45D /* songs.sqlite in Resources */ = {isa = PBXBuildFile; fileRef = 2F505D4320F6E53F009FF45D /* songs.sqlite */; };
		2F56417D1BCB3A9700064269 /* SongsTableViewController.swift in Sources */ = {isa = PBXBuildFile; fileRef = 2F56417C1BCB3A9700064269 /* SongsTableViewController.swift */; };
		2F5A6A7F1C15624B001E8B93 /* SongsTabBarViewController.swift in Sources */ = {isa = PBXBuildFile; fileRef = 2F5A6A7E1C15624B001E8B93 /* SongsTabBarViewController.swift */; };
		2F5D3D1E1BC788F8001C4B6F /* AppDelegate.swift in Sources */ = {isa = PBXBuildFile; fileRef = 2F5D3D1D1BC788F8001C4B6F /* AppDelegate.swift */; };
		2F5D3D251BC788F8001C4B6F /* Main.storyboard in Resources */ = {isa = PBXBuildFile; fileRef = 2F5D3D231BC788F8001C4B6F /* Main.storyboard */; };
		2F5D3D401BC788F8001C4B6F /* worshipsongsUITests.swift in Sources */ = {isa = PBXBuildFile; fileRef = 2F5D3D3F1BC788F8001C4B6F /* worshipsongsUITests.swift */; };
		2F5D3D561BC78D51001C4B6F /* Song.swift in Sources */ = {isa = PBXBuildFile; fileRef = 2F5D3D551BC78D51001C4B6F /* Song.swift */; };
		2F5D3D5C1BC7A216001C4B6F /* CommonService.swift in Sources */ = {isa = PBXBuildFile; fileRef = 2F5D3D5B1BC7A216001C4B6F /* CommonService.swift */; };
		2F5E0C83265CF5BA00498D1C /* UITabbar+Extensions.swift in Sources */ = {isa = PBXBuildFile; fileRef = 2F5E0C82265CF5BA00498D1C /* UITabbar+Extensions.swift */; };
		2FA7034121522C3900AD320B /* worshipsongs.entitlements in Resources */ = {isa = PBXBuildFile; fileRef = 2FFA62F31E5EBDB9002C56AC /* worshipsongs.entitlements */; };
		2FA885CF215325430069DE89 /* FavoritesTableViewController.swift in Sources */ = {isa = PBXBuildFile; fileRef = 2FE840EE1DDBE7FB002B3379 /* FavoritesTableViewController.swift */; };
		2FA885D0215325570069DE89 /* String+Extensions.swift in Sources */ = {isa = PBXBuildFile; fileRef = 2F5D3D621BC7AD5E001C4B6F /* String+Extensions.swift */; };
		2FB0ADC422151DFB00EB305F /* LyricsXmlParser.swift in Sources */ = {isa = PBXBuildFile; fileRef = 2FB0ADC322151DFB00EB305F /* LyricsXmlParser.swift */; };
		2FB0ADC622154B6600EB305F /* CustomProvider.swift in Sources */ = {isa = PBXBuildFile; fileRef = 2FB0ADC522154B6600EB305F /* CustomProvider.swift */; };
		2FB0ADC8221552D500EB305F /* MessageParser.swift in Sources */ = {isa = PBXBuildFile; fileRef = 2FB0ADC7221552D500EB305F /* MessageParser.swift */; };
		2FC6EA4122680B5C007882A6 /* SimplePDF.swift in Sources */ = {isa = PBXBuildFile; fileRef = 2FC6EA3E22680B5C007882A6 /* SimplePDF.swift */; };
		2FC6EA4222680B5C007882A6 /* SimplePDFLabel.swift in Sources */ = {isa = PBXBuildFile; fileRef = 2FC6EA3F22680B5C007882A6 /* SimplePDFLabel.swift */; };
		2FC6EA4322680B5C007882A6 /* SimplePDFUtilities.swift in Sources */ = {isa = PBXBuildFile; fileRef = 2FC6EA4022680B5C007882A6 /* SimplePDFUtilities.swift */; };
		2FD589931C165FC400668951 /* ArtistsTableViewController.swift in Sources */ = {isa = PBXBuildFile; fileRef = 2FD589921C165FC300668951 /* ArtistsTableViewController.swift */; };
		2FD589951C1660A300668951 /* Author.swift in Sources */ = {isa = PBXBuildFile; fileRef = 2FD589941C1660A300668951 /* Author.swift */; };
		2FD589991C16775C00668951 /* ArtistSongsTitleTableViewController.swift in Sources */ = {isa = PBXBuildFile; fileRef = 2FD589981C16775C00668951 /* ArtistSongsTitleTableViewController.swift */; };
		2FD5899A1C167CD300668951 /* TitlesViewController.swift in Sources */ = {isa = PBXBuildFile; fileRef = 2F5D3D5F1BC7A74E001C4B6F /* TitlesViewController.swift */; };
		2FD78E4C1C103A5D00A171B7 /* CustomTextSettingService.swift in Sources */ = {isa = PBXBuildFile; fileRef = 2FD78E4B1C103A5D00A171B7 /* CustomTextSettingService.swift */; };
		2FD78E4E1C103C1A00A171B7 /* RegexPatternMatcherService.swift in Sources */ = {isa = PBXBuildFile; fileRef = 2FD78E4D1C103C1A00A171B7 /* RegexPatternMatcherService.swift */; };
		2FDE48531DF140BD00948236 /* SettingsController.swift in Sources */ = {isa = PBXBuildFile; fileRef = 2FDE48521DF140BD00948236 /* SettingsController.swift */; };
		2FE250291E42E305007BA85D /* PresentationView.xib in Resources */ = {isa = PBXBuildFile; fileRef = 2FE250281E42E305007BA85D /* PresentationView.xib */; };
		2FE2502E1E42FD7A007BA85D /* PresentationView.swift in Sources */ = {isa = PBXBuildFile; fileRef = 2FE2502A1E42E39A007BA85D /* PresentationView.swift */; };
		2FE250301E43134E007BA85D /* PresentationData.swift in Sources */ = {isa = PBXBuildFile; fileRef = 2FE2502F1E43134E007BA85D /* PresentationData.swift */; };
		2FE636581E4190FF0092A696 /* PresentationViewController.swift in Sources */ = {isa = PBXBuildFile; fileRef = 2FE636571E4190FF0092A696 /* PresentationViewController.swift */; };
		2FE636591E41DED80092A696 /* ColorUtils.swift in Sources */ = {isa = PBXBuildFile; fileRef = 2FDE48541DF149DB00948236 /* ColorUtils.swift */; };
		2FE840F01DDBEAA1002B3379 /* DatabaseHelper.swift in Sources */ = {isa = PBXBuildFile; fileRef = 2F5D3D591BC78DB8001C4B6F /* DatabaseHelper.swift */; };
		2FE840F51DDC33A6002B3379 /* Localizable.strings in Resources */ = {isa = PBXBuildFile; fileRef = 2FE840F71DDC33A6002B3379 /* Localizable.strings */; };
		2FEDF61B1F72044D005D1B83 /* ManageFavoritesController.swift in Sources */ = {isa = PBXBuildFile; fileRef = 2FEDF61A1F72044D005D1B83 /* ManageFavoritesController.swift */; };
		2FEDF61D1F720D18005D1B83 /* AutoCompleteTextField.swift in Sources */ = {isa = PBXBuildFile; fileRef = 2FEDF61C1F720D18005D1B83 /* AutoCompleteTextField.swift */; };
		2FEDF61F1F721AF1005D1B83 /* FavoritesListViewController.swift in Sources */ = {isa = PBXBuildFile; fileRef = 2FEDF61E1F721AF1005D1B83 /* FavoritesListViewController.swift */; };
		2FF0BE861E0CD218004E2127 /* SongWithVideoViewController.swift in Sources */ = {isa = PBXBuildFile; fileRef = 2FF0BE851E0CD218004E2127 /* SongWithVideoViewController.swift */; };
		2FF27BA81FFF05EE009055AD /* RateUsViewController.swift in Sources */ = {isa = PBXBuildFile; fileRef = 2FF27BA71FFF05EE009055AD /* RateUsViewController.swift */; };
		2FFBC33E1E7BAB85006B2405 /* DatabaseService.swift in Sources */ = {isa = PBXBuildFile; fileRef = 2F10441D1E63F5BC00DBDD54 /* DatabaseService.swift */; };
		2FFC99291DEFF4D600AEABEF /* Assets.xcassets in Resources */ = {isa = PBXBuildFile; fileRef = 2F5D3D261BC788F8001C4B6F /* Assets.xcassets */; };
		2FFE61E01F317421007B08CC /* UpdateSongsViewController.swift in Sources */ = {isa = PBXBuildFile; fileRef = 2FFE61DF1F317421007B08CC /* UpdateSongsViewController.swift */; };
		2FFF80801F1718560086439B /* ViewUtils.swift in Sources */ = {isa = PBXBuildFile; fileRef = 2FFF807F1F1718560086439B /* ViewUtils.swift */; };
		31EA0D4DC3B5418201ABF74B /* Pods_worshipsongs.framework in Frameworks */ = {isa = PBXBuildFile; fileRef = D4C48984ABA73A45F7F72277 /* Pods_worshipsongs.framework */; };
		5595A08104E80EA133AAAEA8 /* Pods_worshipsongsTests.framework in Frameworks */ = {isa = PBXBuildFile; fileRef = DDD3AE5BC2B377A08407AF0F /* Pods_worshipsongsTests.framework */; };
		625E81751BD664D000BE80B8 /* XmlParserService.swift in Sources */ = {isa = PBXBuildFile; fileRef = 625E81741BD664D000BE80B8 /* XmlParserService.swift */; };
		625E81761BD664D000BE80B8 /* XmlParserService.swift in Sources */ = {isa = PBXBuildFile; fileRef = 625E81741BD664D000BE80B8 /* XmlParserService.swift */; };
		625E81771BD664D000BE80B8 /* XmlParserService.swift in Sources */ = {isa = PBXBuildFile; fileRef = 625E81741BD664D000BE80B8 /* XmlParserService.swift */; };
		6CC71EAF272A5D650053CF13 /* INotificationCenterService.swift in Sources */ = {isa = PBXBuildFile; fileRef = 6CC71EAE272A5D650053CF13 /* INotificationCenterService.swift */; };
		6CC71EB1272A5DFC0053CF13 /* NotificationCenterService.swift in Sources */ = {isa = PBXBuildFile; fileRef = 6CC71EB0272A5DFC0053CF13 /* NotificationCenterService.swift */; };
/* End PBXBuildFile section */

/* Begin PBXContainerItemProxy section */
		2F5D3D311BC788F8001C4B6F /* PBXContainerItemProxy */ = {
			isa = PBXContainerItemProxy;
			containerPortal = 2F5D3D121BC788F8001C4B6F /* Project object */;
			proxyType = 1;
			remoteGlobalIDString = 2F5D3D191BC788F8001C4B6F;
			remoteInfo = worshipsongs;
		};
		2F5D3D3C1BC788F8001C4B6F /* PBXContainerItemProxy */ = {
			isa = PBXContainerItemProxy;
			containerPortal = 2F5D3D121BC788F8001C4B6F /* Project object */;
			proxyType = 1;
			remoteGlobalIDString = 2F5D3D191BC788F8001C4B6F;
			remoteInfo = worshipsongs;
		};
/* End PBXContainerItemProxy section */

/* Begin PBXFileReference section */
		1A8A4B5226082D28003126F8 /* StringExtensionsSpec.swift */ = {isa = PBXFileReference; lastKnownFileType = sourcecode.swift; path = StringExtensionsSpec.swift; sourceTree = "<group>"; };
		1A9333A726031B4300953865 /* IOpenLPServiceConverter.swift */ = {isa = PBXFileReference; lastKnownFileType = sourcecode.swift; path = IOpenLPServiceConverter.swift; sourceTree = "<group>"; };
		1A9333B826031C9200953865 /* OpenLPServiceConverter.swift */ = {isa = PBXFileReference; lastKnownFileType = sourcecode.swift; path = OpenLPServiceConverter.swift; sourceTree = "<group>"; };
		1A9333CE26031E0000953865 /* OpenLPServiceConverterSpec.swift */ = {isa = PBXFileReference; lastKnownFileType = sourcecode.swift; path = OpenLPServiceConverterSpec.swift; sourceTree = "<group>"; };
		1A9333D72603372E00953865 /* openlp-service-lite.osj */ = {isa = PBXFileReference; fileEncoding = 4; lastKnownFileType = text; path = "openlp-service-lite.osj"; sourceTree = "<group>"; };
		1AADE9102627CD5C00EED553 /* DependencyAssembly.swift */ = {isa = PBXFileReference; lastKnownFileType = sourcecode.swift; path = DependencyAssembly.swift; sourceTree = "<group>"; };
		1AADE9152627D40500EED553 /* AppLogger.swift */ = {isa = PBXFileReference; lastKnownFileType = sourcecode.swift; path = AppLogger.swift; sourceTree = "<group>"; };
		1AADE9262629639400EED553 /* TitlesViewModel.swift */ = {isa = PBXFileReference; lastKnownFileType = sourcecode.swift; path = TitlesViewModel.swift; sourceTree = "<group>"; };
		1AADE92F262963C600EED553 /* TitlesViewModelSpec.swift */ = {isa = PBXFileReference; lastKnownFileType = sourcecode.swift; path = TitlesViewModelSpec.swift; sourceTree = "<group>"; };
		1ACC3A7B262D3A9C006BCB16 /* LyricsXmlParserSpec.swift */ = {isa = PBXFileReference; lastKnownFileType = sourcecode.swift; path = LyricsXmlParserSpec.swift; sourceTree = "<group>"; };
		1ADDED4026048B2D004724DD /* DatabaseHelperSpec.swift */ = {isa = PBXFileReference; lastKnownFileType = sourcecode.swift; path = DatabaseHelperSpec.swift; sourceTree = "<group>"; };
		1AF35E62260C17C500AF0F2E /* ConvertFavouritesToOpenLPServiceAcceptanceSpec.swift */ = {isa = PBXFileReference; lastKnownFileType = sourcecode.swift; path = ConvertFavouritesToOpenLPServiceAcceptanceSpec.swift; sourceTree = "<group>"; };
		280B923D1E77830E00833EAA /* DeviceUtils.swift */ = {isa = PBXFileReference; fileEncoding = 4; lastKnownFileType = sourcecode.swift; path = DeviceUtils.swift; sourceTree = "<group>"; };
		285D5A631E76497000C3F1EE /* CommonConstants.swift */ = {isa = PBXFileReference; fileEncoding = 4; lastKnownFileType = sourcecode.swift; path = CommonConstants.swift; sourceTree = "<group>"; };
		28786FCB1F78F7310085B216 /* SongBook.swift */ = {isa = PBXFileReference; fileEncoding = 4; lastKnownFileType = sourcecode.swift; path = SongBook.swift; sourceTree = "<group>"; };
		28786FCD1F78FAD30085B216 /* SongBookService.swift */ = {isa = PBXFileReference; fileEncoding = 4; lastKnownFileType = sourcecode.swift; path = SongBookService.swift; sourceTree = "<group>"; };
		28E0544E1F7B31EB006502EB /* SongBookController.swift */ = {isa = PBXFileReference; lastKnownFileType = sourcecode.swift; path = SongBookController.swift; sourceTree = "<group>"; };
		2F06EE031EF8EBF8006B5E62 /* LanguageSettingViewController.swift */ = {isa = PBXFileReference; fileEncoding = 4; lastKnownFileType = sourcecode.swift; path = LanguageSettingViewController.swift; sourceTree = "<group>"; };
		2F08FFD41F30093400B894FB /* UpdateService.swift */ = {isa = PBXFileReference; fileEncoding = 4; lastKnownFileType = sourcecode.swift; path = UpdateService.swift; sourceTree = "<group>"; };
		2F08FFD61F301B8A00B894FB /* RestApiService.swift */ = {isa = PBXFileReference; fileEncoding = 4; lastKnownFileType = sourcecode.swift; path = RestApiService.swift; sourceTree = "<group>"; };
		2F0A5F5F1F7B35F00026EC48 /* AddFavoriteViewController.swift */ = {isa = PBXFileReference; lastKnownFileType = sourcecode.swift; path = AddFavoriteViewController.swift; sourceTree = "<group>"; };
		2F0A70F81E1B432D0025F156 /* TitleTableViewCell.swift */ = {isa = PBXFileReference; fileEncoding = 4; lastKnownFileType = sourcecode.swift; path = TitleTableViewCell.swift; sourceTree = "<group>"; };
		2F0BCA091D9D0E0000B8C16B /* libPods.a */ = {isa = PBXFileReference; lastKnownFileType = archive.ar; name = libPods.a; path = "Pods/../build/Debug-iphoneos/libPods.a"; sourceTree = "<group>"; };
		2F0BCA0B1D9D114B00B8C16B /* FMDB.framework */ = {isa = PBXFileReference; lastKnownFileType = wrapper.framework; name = FMDB.framework; path = "../../../../Library/Developer/Xcode/DerivedData/worshipsongs-glciooqfhxjknigyiwgebruvadtn/Build/Products/Debug-iphonesimulator/FMDB/FMDB.framework"; sourceTree = "<group>"; };
		2F10441D1E63F5BC00DBDD54 /* DatabaseService.swift */ = {isa = PBXFileReference; fileEncoding = 4; lastKnownFileType = sourcecode.swift; path = DatabaseService.swift; sourceTree = "<group>"; };
		2F10441F1E6422E200DBDD54 /* DatabaseLoadingViewController.swift */ = {isa = PBXFileReference; fileEncoding = 4; lastKnownFileType = sourcecode.swift; path = DatabaseLoadingViewController.swift; sourceTree = "<group>"; };
		2F16DED01E5A824000E3CA27 /* FavoritesSongsWithOrder.swift */ = {isa = PBXFileReference; fileEncoding = 4; lastKnownFileType = sourcecode.swift; path = FavoritesSongsWithOrder.swift; sourceTree = "<group>"; };
		2F18C4C21E8DE6B800E540AF /* CategoriesTableViewController.swift */ = {isa = PBXFileReference; fileEncoding = 4; lastKnownFileType = sourcecode.swift; path = CategoriesTableViewController.swift; sourceTree = "<group>"; };
		2F18C4C41E8DF17700E540AF /* Category.swift */ = {isa = PBXFileReference; fileEncoding = 4; lastKnownFileType = sourcecode.swift; path = Category.swift; sourceTree = "<group>"; };
		2F19EAFD1E5FBE4D00B989D8 /* Downloader.swift */ = {isa = PBXFileReference; fileEncoding = 4; lastKnownFileType = sourcecode.swift; path = Downloader.swift; sourceTree = "<group>"; };
		2F19EAFF1E6005A000B989D8 /* RemoteUrlViewController.swift */ = {isa = PBXFileReference; fileEncoding = 4; lastKnownFileType = sourcecode.swift; path = RemoteUrlViewController.swift; sourceTree = "<group>"; };
		2F1F2A0A1E5C09290046EFDA /* FavoritesSong.swift */ = {isa = PBXFileReference; fileEncoding = 4; lastKnownFileType = sourcecode.swift; path = FavoritesSong.swift; sourceTree = "<group>"; };
		2F505D4320F6E53F009FF45D /* songs.sqlite */ = {isa = PBXFileReference; lastKnownFileType = file; path = songs.sqlite; sourceTree = "<group>"; };
		2F56417C1BCB3A9700064269 /* SongsTableViewController.swift */ = {isa = PBXFileReference; fileEncoding = 4; lastKnownFileType = sourcecode.swift; path = SongsTableViewController.swift; sourceTree = "<group>"; };
		2F5A6A7E1C15624B001E8B93 /* SongsTabBarViewController.swift */ = {isa = PBXFileReference; fileEncoding = 4; lastKnownFileType = sourcecode.swift; path = SongsTabBarViewController.swift; sourceTree = "<group>"; };
		2F5D3D1A1BC788F8001C4B6F /* worshipsongs.app */ = {isa = PBXFileReference; explicitFileType = wrapper.application; includeInIndex = 0; path = worshipsongs.app; sourceTree = BUILT_PRODUCTS_DIR; };
		2F5D3D1D1BC788F8001C4B6F /* AppDelegate.swift */ = {isa = PBXFileReference; lastKnownFileType = sourcecode.swift; path = AppDelegate.swift; sourceTree = "<group>"; };
		2F5D3D241BC788F8001C4B6F /* Base */ = {isa = PBXFileReference; lastKnownFileType = file.storyboard; name = Base; path = Base.lproj/Main.storyboard; sourceTree = "<group>"; };
		2F5D3D261BC788F8001C4B6F /* Assets.xcassets */ = {isa = PBXFileReference; lastKnownFileType = folder.assetcatalog; path = Assets.xcassets; sourceTree = "<group>"; };
		2F5D3D2B1BC788F8001C4B6F /* Info.plist */ = {isa = PBXFileReference; lastKnownFileType = text.plist.xml; path = Info.plist; sourceTree = "<group>"; };
		2F5D3D301BC788F8001C4B6F /* worshipsongsTests.xctest */ = {isa = PBXFileReference; explicitFileType = wrapper.cfbundle; includeInIndex = 0; path = worshipsongsTests.xctest; sourceTree = BUILT_PRODUCTS_DIR; };
		2F5D3D361BC788F8001C4B6F /* Info.plist */ = {isa = PBXFileReference; lastKnownFileType = text.plist.xml; path = Info.plist; sourceTree = "<group>"; };
		2F5D3D3B1BC788F8001C4B6F /* worshipsongsUITests.xctest */ = {isa = PBXFileReference; explicitFileType = wrapper.cfbundle; includeInIndex = 0; path = worshipsongsUITests.xctest; sourceTree = BUILT_PRODUCTS_DIR; };
		2F5D3D3F1BC788F8001C4B6F /* worshipsongsUITests.swift */ = {isa = PBXFileReference; lastKnownFileType = sourcecode.swift; path = worshipsongsUITests.swift; sourceTree = "<group>"; };
		2F5D3D411BC788F8001C4B6F /* Info.plist */ = {isa = PBXFileReference; lastKnownFileType = text.plist.xml; path = Info.plist; sourceTree = "<group>"; };
		2F5D3D551BC78D51001C4B6F /* Song.swift */ = {isa = PBXFileReference; fileEncoding = 4; lastKnownFileType = sourcecode.swift; path = Song.swift; sourceTree = "<group>"; };
		2F5D3D591BC78DB8001C4B6F /* DatabaseHelper.swift */ = {isa = PBXFileReference; fileEncoding = 4; lastKnownFileType = sourcecode.swift; path = DatabaseHelper.swift; sourceTree = "<group>"; };
		2F5D3D5B1BC7A216001C4B6F /* CommonService.swift */ = {isa = PBXFileReference; fileEncoding = 4; lastKnownFileType = sourcecode.swift; path = CommonService.swift; sourceTree = "<group>"; };
		2F5D3D5E1BC7A5B3001C4B6F /* Bridging-Header.h */ = {isa = PBXFileReference; lastKnownFileType = sourcecode.c.h; path = "Bridging-Header.h"; sourceTree = "<group>"; };
		2F5D3D5F1BC7A74E001C4B6F /* TitlesViewController.swift */ = {isa = PBXFileReference; fileEncoding = 4; lastKnownFileType = sourcecode.swift; path = TitlesViewController.swift; sourceTree = "<group>"; };
		2F5D3D621BC7AD5E001C4B6F /* String+Extensions.swift */ = {isa = PBXFileReference; fileEncoding = 4; lastKnownFileType = sourcecode.swift; path = "String+Extensions.swift"; sourceTree = "<group>"; };
		2F5E0C82265CF5BA00498D1C /* UITabbar+Extensions.swift */ = {isa = PBXFileReference; lastKnownFileType = sourcecode.swift; path = "UITabbar+Extensions.swift"; sourceTree = "<group>"; };
		2FB0ADC322151DFB00EB305F /* LyricsXmlParser.swift */ = {isa = PBXFileReference; lastKnownFileType = sourcecode.swift; path = LyricsXmlParser.swift; sourceTree = "<group>"; };
		2FB0ADC522154B6600EB305F /* CustomProvider.swift */ = {isa = PBXFileReference; lastKnownFileType = sourcecode.swift; path = CustomProvider.swift; sourceTree = "<group>"; };
		2FB0ADC7221552D500EB305F /* MessageParser.swift */ = {isa = PBXFileReference; lastKnownFileType = sourcecode.swift; path = MessageParser.swift; sourceTree = "<group>"; };
		2FC6EA3E22680B5C007882A6 /* SimplePDF.swift */ = {isa = PBXFileReference; fileEncoding = 4; lastKnownFileType = sourcecode.swift; path = SimplePDF.swift; sourceTree = "<group>"; };
		2FC6EA3F22680B5C007882A6 /* SimplePDFLabel.swift */ = {isa = PBXFileReference; fileEncoding = 4; lastKnownFileType = sourcecode.swift; path = SimplePDFLabel.swift; sourceTree = "<group>"; };
		2FC6EA4022680B5C007882A6 /* SimplePDFUtilities.swift */ = {isa = PBXFileReference; fileEncoding = 4; lastKnownFileType = sourcecode.swift; path = SimplePDFUtilities.swift; sourceTree = "<group>"; };
		2FD589921C165FC300668951 /* ArtistsTableViewController.swift */ = {isa = PBXFileReference; fileEncoding = 4; lastKnownFileType = sourcecode.swift; path = ArtistsTableViewController.swift; sourceTree = "<group>"; };
		2FD589941C1660A300668951 /* Author.swift */ = {isa = PBXFileReference; fileEncoding = 4; lastKnownFileType = sourcecode.swift; path = Author.swift; sourceTree = "<group>"; };
		2FD589981C16775C00668951 /* ArtistSongsTitleTableViewController.swift */ = {isa = PBXFileReference; fileEncoding = 4; lastKnownFileType = sourcecode.swift; path = ArtistSongsTitleTableViewController.swift; sourceTree = "<group>"; };
		2FD78E4B1C103A5D00A171B7 /* CustomTextSettingService.swift */ = {isa = PBXFileReference; fileEncoding = 4; lastKnownFileType = sourcecode.swift; path = CustomTextSettingService.swift; sourceTree = "<group>"; };
		2FD78E4D1C103C1A00A171B7 /* RegexPatternMatcherService.swift */ = {isa = PBXFileReference; fileEncoding = 4; lastKnownFileType = sourcecode.swift; path = RegexPatternMatcherService.swift; sourceTree = "<group>"; };
		2FDE48521DF140BD00948236 /* SettingsController.swift */ = {isa = PBXFileReference; fileEncoding = 4; lastKnownFileType = sourcecode.swift; path = SettingsController.swift; sourceTree = "<group>"; };
		2FDE48541DF149DB00948236 /* ColorUtils.swift */ = {isa = PBXFileReference; fileEncoding = 4; lastKnownFileType = sourcecode.swift; path = ColorUtils.swift; sourceTree = "<group>"; };
		2FE250281E42E305007BA85D /* PresentationView.xib */ = {isa = PBXFileReference; fileEncoding = 4; lastKnownFileType = file.xib; path = PresentationView.xib; sourceTree = "<group>"; };
		2FE2502A1E42E39A007BA85D /* PresentationView.swift */ = {isa = PBXFileReference; fileEncoding = 4; lastKnownFileType = sourcecode.swift; path = PresentationView.swift; sourceTree = "<group>"; };
		2FE2502F1E43134E007BA85D /* PresentationData.swift */ = {isa = PBXFileReference; fileEncoding = 4; lastKnownFileType = sourcecode.swift; path = PresentationData.swift; sourceTree = "<group>"; };
		2FE636571E4190FF0092A696 /* PresentationViewController.swift */ = {isa = PBXFileReference; fileEncoding = 4; lastKnownFileType = sourcecode.swift; path = PresentationViewController.swift; sourceTree = "<group>"; };
		2FE840EE1DDBE7FB002B3379 /* FavoritesTableViewController.swift */ = {isa = PBXFileReference; fileEncoding = 4; lastKnownFileType = sourcecode.swift; path = FavoritesTableViewController.swift; sourceTree = "<group>"; };
		2FE840F61DDC33A6002B3379 /* Base */ = {isa = PBXFileReference; lastKnownFileType = text.plist.strings; name = Base; path = Base.lproj/Localizable.strings; sourceTree = "<group>"; };
		2FE840F81DDC33BF002B3379 /* en-GB */ = {isa = PBXFileReference; lastKnownFileType = text.plist.strings; name = "en-GB"; path = "en-GB.lproj/Localizable.strings"; sourceTree = "<group>"; };
		2FE840F91DDC33CA002B3379 /* en */ = {isa = PBXFileReference; lastKnownFileType = text.plist.strings; name = en; path = en.lproj/Localizable.strings; sourceTree = "<group>"; };
		2FE840FA1DDC6210002B3379 /* FullScreenViewController.swift */ = {isa = PBXFileReference; fileEncoding = 4; lastKnownFileType = sourcecode.swift; path = FullScreenViewController.swift; sourceTree = "<group>"; };
		2FEDF61A1F72044D005D1B83 /* ManageFavoritesController.swift */ = {isa = PBXFileReference; fileEncoding = 4; lastKnownFileType = sourcecode.swift; path = ManageFavoritesController.swift; sourceTree = "<group>"; };
		2FEDF61C1F720D18005D1B83 /* AutoCompleteTextField.swift */ = {isa = PBXFileReference; fileEncoding = 4; lastKnownFileType = sourcecode.swift; path = AutoCompleteTextField.swift; sourceTree = "<group>"; };
		2FEDF61E1F721AF1005D1B83 /* FavoritesListViewController.swift */ = {isa = PBXFileReference; fileEncoding = 4; lastKnownFileType = sourcecode.swift; path = FavoritesListViewController.swift; sourceTree = "<group>"; };
		2FF0BE851E0CD218004E2127 /* SongWithVideoViewController.swift */ = {isa = PBXFileReference; fileEncoding = 4; lastKnownFileType = sourcecode.swift; path = SongWithVideoViewController.swift; sourceTree = "<group>"; };
		2FF27BA71FFF05EE009055AD /* RateUsViewController.swift */ = {isa = PBXFileReference; lastKnownFileType = sourcecode.swift; path = RateUsViewController.swift; sourceTree = "<group>"; };
		2FFA62F31E5EBDB9002C56AC /* worshipsongs.entitlements */ = {isa = PBXFileReference; lastKnownFileType = text.plist.entitlements; path = worshipsongs.entitlements; sourceTree = "<group>"; };
		2FFE61DF1F317421007B08CC /* UpdateSongsViewController.swift */ = {isa = PBXFileReference; fileEncoding = 4; lastKnownFileType = sourcecode.swift; path = UpdateSongsViewController.swift; sourceTree = "<group>"; };
		2FFF807F1F1718560086439B /* ViewUtils.swift */ = {isa = PBXFileReference; fileEncoding = 4; lastKnownFileType = sourcecode.swift; path = ViewUtils.swift; sourceTree = "<group>"; };
		2FFF80811F171C8C0086439B /* ta */ = {isa = PBXFileReference; lastKnownFileType = text.plist.strings; name = ta; path = ta.lproj/Localizable.strings; sourceTree = "<group>"; };
		625E81741BD664D000BE80B8 /* XmlParserService.swift */ = {isa = PBXFileReference; fileEncoding = 4; lastKnownFileType = sourcecode.swift; path = XmlParserService.swift; sourceTree = "<group>"; };
		6CC71EAE272A5D650053CF13 /* INotificationCenterService.swift */ = {isa = PBXFileReference; lastKnownFileType = sourcecode.swift; path = INotificationCenterService.swift; sourceTree = "<group>"; };
		6CC71EB0272A5DFC0053CF13 /* NotificationCenterService.swift */ = {isa = PBXFileReference; lastKnownFileType = sourcecode.swift; path = NotificationCenterService.swift; sourceTree = "<group>"; };
		71DAEADD10A11A2E479545EB /* Pods-worshipsongsTests.debug.xcconfig */ = {isa = PBXFileReference; includeInIndex = 1; lastKnownFileType = text.xcconfig; name = "Pods-worshipsongsTests.debug.xcconfig"; path = "Target Support Files/Pods-worshipsongsTests/Pods-worshipsongsTests.debug.xcconfig"; sourceTree = "<group>"; };
		8D8462F5D2DACE7FAB0DFA95 /* Pods-worshipsongs.release.xcconfig */ = {isa = PBXFileReference; includeInIndex = 1; lastKnownFileType = text.xcconfig; name = "Pods-worshipsongs.release.xcconfig"; path = "Target Support Files/Pods-worshipsongs/Pods-worshipsongs.release.xcconfig"; sourceTree = "<group>"; };
		94DA441153DA07131B08E8CB /* Pods-worshipsongsTests.release.xcconfig */ = {isa = PBXFileReference; includeInIndex = 1; lastKnownFileType = text.xcconfig; name = "Pods-worshipsongsTests.release.xcconfig"; path = "Target Support Files/Pods-worshipsongsTests/Pods-worshipsongsTests.release.xcconfig"; sourceTree = "<group>"; };
		D4C48984ABA73A45F7F72277 /* Pods_worshipsongs.framework */ = {isa = PBXFileReference; explicitFileType = wrapper.framework; includeInIndex = 0; path = Pods_worshipsongs.framework; sourceTree = BUILT_PRODUCTS_DIR; };
		DDD3AE5BC2B377A08407AF0F /* Pods_worshipsongsTests.framework */ = {isa = PBXFileReference; explicitFileType = wrapper.framework; includeInIndex = 0; path = Pods_worshipsongsTests.framework; sourceTree = BUILT_PRODUCTS_DIR; };
		E0661FC248D9D1E947D37C33 /* Pods-worshipsongs.debug.xcconfig */ = {isa = PBXFileReference; includeInIndex = 1; lastKnownFileType = text.xcconfig; name = "Pods-worshipsongs.debug.xcconfig"; path = "Target Support Files/Pods-worshipsongs/Pods-worshipsongs.debug.xcconfig"; sourceTree = "<group>"; };
/* End PBXFileReference section */

/* Begin PBXFrameworksBuildPhase section */
		2F5D3D171BC788F8001C4B6F /* Frameworks */ = {
			isa = PBXFrameworksBuildPhase;
			buildActionMask = 2147483647;
			files = (
				31EA0D4DC3B5418201ABF74B /* Pods_worshipsongs.framework in Frameworks */,
			);
			runOnlyForDeploymentPostprocessing = 0;
		};
		2F5D3D2D1BC788F8001C4B6F /* Frameworks */ = {
			isa = PBXFrameworksBuildPhase;
			buildActionMask = 2147483647;
			files = (
				5595A08104E80EA133AAAEA8 /* Pods_worshipsongsTests.framework in Frameworks */,
			);
			runOnlyForDeploymentPostprocessing = 0;
		};
		2F5D3D381BC788F8001C4B6F /* Frameworks */ = {
			isa = PBXFrameworksBuildPhase;
			buildActionMask = 2147483647;
			files = (
			);
			runOnlyForDeploymentPostprocessing = 0;
		};
/* End PBXFrameworksBuildPhase section */

/* Begin PBXGroup section */
		1611C2B2A4FA5A6BE0CC88B1 /* Frameworks */ = {
			isa = PBXGroup;
			children = (
				2F0BCA0B1D9D114B00B8C16B /* FMDB.framework */,
				2F0BCA091D9D0E0000B8C16B /* libPods.a */,
				D4C48984ABA73A45F7F72277 /* Pods_worshipsongs.framework */,
				DDD3AE5BC2B377A08407AF0F /* Pods_worshipsongsTests.framework */,
			);
			name = Frameworks;
			sourceTree = "<group>";
		};
		1A9333CC26031DBA00953865 /* Library */ = {
			isa = PBXGroup;
			children = (
				1ADDED3C2604857F004724DD /* Service */,
				1A9333CD26031DC900953865 /* Utilities */,
			);
			name = Library;
			sourceTree = "<group>";
		};
		1A9333CD26031DC900953865 /* Utilities */ = {
			isa = PBXGroup;
			children = (
				1A9333CE26031E0000953865 /* OpenLPServiceConverterSpec.swift */,
				1A8A4B5226082D28003126F8 /* StringExtensionsSpec.swift */,
			);
			name = Utilities;
			sourceTree = "<group>";
		};
		1A9333E7260347DA00953865 /* OpenLP */ = {
			isa = PBXGroup;
			children = (
				1A9333A726031B4300953865 /* IOpenLPServiceConverter.swift */,
				1A9333B826031C9200953865 /* OpenLPServiceConverter.swift */,
			);
			name = OpenLP;
			sourceTree = "<group>";
		};
		1AADE9252629636C00EED553 /* ViewModel */ = {
			isa = PBXGroup;
			children = (
				1AADE9262629639400EED553 /* TitlesViewModel.swift */,
			);
			name = ViewModel;
			sourceTree = "<group>";
		};
		1AADE92E262963B800EED553 /* ViewModel */ = {
			isa = PBXGroup;
			children = (
				1AADE92F262963C600EED553 /* TitlesViewModelSpec.swift */,
			);
			name = ViewModel;
			sourceTree = "<group>";
		};
		1ADDED35260439C3004724DD /* Resources */ = {
			isa = PBXGroup;
			children = (
				1A9333D72603372E00953865 /* openlp-service-lite.osj */,
			);
			path = Resources;
			sourceTree = "<group>";
		};
		1ADDED3C2604857F004724DD /* Service */ = {
			isa = PBXGroup;
			children = (
				1ADDED4026048B2D004724DD /* DatabaseHelperSpec.swift */,
				1ACC3A7B262D3A9C006BCB16 /* LyricsXmlParserSpec.swift */,
			);
			name = Service;
			sourceTree = "<group>";
		};
		1AF35E61260C16FE00AF0F2E /* Acceptance */ = {
			isa = PBXGroup;
			children = (
				1AF35E62260C17C500AF0F2E /* ConvertFavouritesToOpenLPServiceAcceptanceSpec.swift */,
			);
			path = Acceptance;
			sourceTree = "<group>";
		};
		2F0A70F71E1B43020025F156 /* Component */ = {
			isa = PBXGroup;
			children = (
				2F0A70F81E1B432D0025F156 /* TitleTableViewCell.swift */,
				2FE250281E42E305007BA85D /* PresentationView.xib */,
				2FE2502A1E42E39A007BA85D /* PresentationView.swift */,
				2FE2502F1E43134E007BA85D /* PresentationData.swift */,
				2FEDF61C1F720D18005D1B83 /* AutoCompleteTextField.swift */,
			);
			name = Component;
			sourceTree = "<group>";
		};
		2F5D3D111BC788F8001C4B6F = {
			isa = PBXGroup;
			children = (
				2F5D3D1C1BC788F8001C4B6F /* worshipsongs */,
				2F5D3D331BC788F8001C4B6F /* worshipsongsTests */,
				2F5D3D3E1BC788F8001C4B6F /* worshipsongsUITests */,
				2F5D3D1B1BC788F8001C4B6F /* Products */,
				1611C2B2A4FA5A6BE0CC88B1 /* Frameworks */,
				F3D09AE71D24D43033390CB4 /* Pods */,
			);
			sourceTree = "<group>";
		};
		2F5D3D1B1BC788F8001C4B6F /* Products */ = {
			isa = PBXGroup;
			children = (
				2F5D3D1A1BC788F8001C4B6F /* worshipsongs.app */,
				2F5D3D301BC788F8001C4B6F /* worshipsongsTests.xctest */,
				2F5D3D3B1BC788F8001C4B6F /* worshipsongsUITests.xctest */,
			);
			name = Products;
			sourceTree = "<group>";
		};
		2F5D3D1C1BC788F8001C4B6F /* worshipsongs */ = {
			isa = PBXGroup;
			children = (
				1AADE9252629636C00EED553 /* ViewModel */,
				2FFA62F31E5EBDB9002C56AC /* worshipsongs.entitlements */,
				2F0A70F71E1B43020025F156 /* Component */,
				2F5D3D5D1BC7A572001C4B6F /* vender */,
				2F5D3D571BC78D85001C4B6F /* Library */,
				2F5D3D541BC78D2B001C4B6F /* Model */,
				2F5D3D511BC78CCE001C4B6F /* Database */,
				2F5D3D501BC789E5001C4B6F /* Controllers */,
				2F5D3D4F1BC789A3001C4B6F /* Supporting Files */,
				2F5D3D4E1BC7896B001C4B6F /* Resources */,
				2F5D3D4D1BC78946001C4B6F /* Application */,
			);
			path = worshipsongs;
			sourceTree = "<group>";
		};
		2F5D3D331BC788F8001C4B6F /* worshipsongsTests */ = {
			isa = PBXGroup;
			children = (
				1AADE92E262963B800EED553 /* ViewModel */,
				1AF35E61260C16FE00AF0F2E /* Acceptance */,
				1ADDED35260439C3004724DD /* Resources */,
				1A9333CC26031DBA00953865 /* Library */,
				2F5D3D361BC788F8001C4B6F /* Info.plist */,
			);
			path = worshipsongsTests;
			sourceTree = "<group>";
		};
		2F5D3D3E1BC788F8001C4B6F /* worshipsongsUITests */ = {
			isa = PBXGroup;
			children = (
				2F5D3D3F1BC788F8001C4B6F /* worshipsongsUITests.swift */,
				2F5D3D411BC788F8001C4B6F /* Info.plist */,
			);
			path = worshipsongsUITests;
			sourceTree = "<group>";
		};
		2F5D3D4D1BC78946001C4B6F /* Application */ = {
			isa = PBXGroup;
			children = (
				2F5D3D231BC788F8001C4B6F /* Main.storyboard */,
				2F5D3D1D1BC788F8001C4B6F /* AppDelegate.swift */,
				1AADE9102627CD5C00EED553 /* DependencyAssembly.swift */,
			);
			name = Application;
			sourceTree = "<group>";
		};
		2F5D3D4E1BC7896B001C4B6F /* Resources */ = {
			isa = PBXGroup;
			children = (
				2F5D3D261BC788F8001C4B6F /* Assets.xcassets */,
				2FE840F71DDC33A6002B3379 /* Localizable.strings */,
			);
			name = Resources;
			sourceTree = "<group>";
		};
		2F5D3D4F1BC789A3001C4B6F /* Supporting Files */ = {
			isa = PBXGroup;
			children = (
				2F5D3D2B1BC788F8001C4B6F /* Info.plist */,
			);
			name = "Supporting Files";
			sourceTree = "<group>";
		};
		2F5D3D501BC789E5001C4B6F /* Controllers */ = {
			isa = PBXGroup;
			children = (
				2F5D3D5F1BC7A74E001C4B6F /* TitlesViewController.swift */,
				2F56417C1BCB3A9700064269 /* SongsTableViewController.swift */,
				2F5A6A7E1C15624B001E8B93 /* SongsTabBarViewController.swift */,
				2FD589921C165FC300668951 /* ArtistsTableViewController.swift */,
				2FD589981C16775C00668951 /* ArtistSongsTitleTableViewController.swift */,
				2FE840EE1DDBE7FB002B3379 /* FavoritesTableViewController.swift */,
				2FE840FA1DDC6210002B3379 /* FullScreenViewController.swift */,
				2FF0BE851E0CD218004E2127 /* SongWithVideoViewController.swift */,
				2FDE48521DF140BD00948236 /* SettingsController.swift */,
				2FE636571E4190FF0092A696 /* PresentationViewController.swift */,
				2F19EAFF1E6005A000B989D8 /* RemoteUrlViewController.swift */,
				2F10441F1E6422E200DBDD54 /* DatabaseLoadingViewController.swift */,
				2F18C4C21E8DE6B800E540AF /* CategoriesTableViewController.swift */,
				2F06EE031EF8EBF8006B5E62 /* LanguageSettingViewController.swift */,
				2FFE61DF1F317421007B08CC /* UpdateSongsViewController.swift */,
				2FEDF61A1F72044D005D1B83 /* ManageFavoritesController.swift */,
				2FEDF61E1F721AF1005D1B83 /* FavoritesListViewController.swift */,
				28E0544E1F7B31EB006502EB /* SongBookController.swift */,
				2F0A5F5F1F7B35F00026EC48 /* AddFavoriteViewController.swift */,
				2FF27BA71FFF05EE009055AD /* RateUsViewController.swift */,
			);
			name = Controllers;
			sourceTree = "<group>";
		};
		2F5D3D511BC78CCE001C4B6F /* Database */ = {
			isa = PBXGroup;
			children = (
				2F505D4320F6E53F009FF45D /* songs.sqlite */,
			);
			name = Database;
			sourceTree = "<group>";
		};
		2F5D3D541BC78D2B001C4B6F /* Model */ = {
			isa = PBXGroup;
			children = (
				2F5D3D551BC78D51001C4B6F /* Song.swift */,
				2FD589941C1660A300668951 /* Author.swift */,
				2F16DED01E5A824000E3CA27 /* FavoritesSongsWithOrder.swift */,
				2F1F2A0A1E5C09290046EFDA /* FavoritesSong.swift */,
				2F18C4C41E8DF17700E540AF /* Category.swift */,
				28786FCB1F78F7310085B216 /* SongBook.swift */,
			);
			name = Model;
			sourceTree = "<group>";
		};
		2F5D3D571BC78D85001C4B6F /* Library */ = {
			isa = PBXGroup;
			children = (
				1A9333E7260347DA00953865 /* OpenLP */,
				2FC6EA3E22680B5C007882A6 /* SimplePDF.swift */,
				2FC6EA3F22680B5C007882A6 /* SimplePDFLabel.swift */,
				2FC6EA4022680B5C007882A6 /* SimplePDFUtilities.swift */,
				2F5D3D611BC7AD30001C4B6F /* Utilities */,
				2F5D3D581BC78D97001C4B6F /* Service */,
				285D5A631E76497000C3F1EE /* CommonConstants.swift */,
				1AADE9152627D40500EED553 /* AppLogger.swift */,
			);
			name = Library;
			sourceTree = "<group>";
		};
		2F5D3D581BC78D97001C4B6F /* Service */ = {
			isa = PBXGroup;
			children = (
				2F5D3D591BC78DB8001C4B6F /* DatabaseHelper.swift */,
				2F5D3D5B1BC7A216001C4B6F /* CommonService.swift */,
				625E81741BD664D000BE80B8 /* XmlParserService.swift */,
				2FD78E4B1C103A5D00A171B7 /* CustomTextSettingService.swift */,
				2FD78E4D1C103C1A00A171B7 /* RegexPatternMatcherService.swift */,
				2F10441D1E63F5BC00DBDD54 /* DatabaseService.swift */,
				2F08FFD61F301B8A00B894FB /* RestApiService.swift */,
				28786FCD1F78FAD30085B216 /* SongBookService.swift */,
				2FB0ADC322151DFB00EB305F /* LyricsXmlParser.swift */,
				2FB0ADC522154B6600EB305F /* CustomProvider.swift */,
				2FB0ADC7221552D500EB305F /* MessageParser.swift */,
				6CC71EAE272A5D650053CF13 /* INotificationCenterService.swift */,
				6CC71EB0272A5DFC0053CF13 /* NotificationCenterService.swift */,
			);
			name = Service;
			sourceTree = "<group>";
		};
		2F5D3D5D1BC7A572001C4B6F /* vender */ = {
			isa = PBXGroup;
			children = (
				2F5D3D5E1BC7A5B3001C4B6F /* Bridging-Header.h */,
			);
			name = vender;
			sourceTree = "<group>";
		};
		2F5D3D611BC7AD30001C4B6F /* Utilities */ = {
			isa = PBXGroup;
			children = (
				2F5D3D621BC7AD5E001C4B6F /* String+Extensions.swift */,
				2FDE48541DF149DB00948236 /* ColorUtils.swift */,
				2F19EAFD1E5FBE4D00B989D8 /* Downloader.swift */,
				280B923D1E77830E00833EAA /* DeviceUtils.swift */,
				2FFF807F1F1718560086439B /* ViewUtils.swift */,
				2F08FFD41F30093400B894FB /* UpdateService.swift */,
				2F5E0C82265CF5BA00498D1C /* UITabbar+Extensions.swift */,
			);
			name = Utilities;
			sourceTree = "<group>";
		};
		F3D09AE71D24D43033390CB4 /* Pods */ = {
			isa = PBXGroup;
			children = (
				E0661FC248D9D1E947D37C33 /* Pods-worshipsongs.debug.xcconfig */,
				8D8462F5D2DACE7FAB0DFA95 /* Pods-worshipsongs.release.xcconfig */,
				71DAEADD10A11A2E479545EB /* Pods-worshipsongsTests.debug.xcconfig */,
				94DA441153DA07131B08E8CB /* Pods-worshipsongsTests.release.xcconfig */,
			);
			path = Pods;
			sourceTree = "<group>";
		};
/* End PBXGroup section */

/* Begin PBXNativeTarget section */
		2F5D3D191BC788F8001C4B6F /* worshipsongs */ = {
			isa = PBXNativeTarget;
			buildConfigurationList = 2F5D3D441BC788F8001C4B6F /* Build configuration list for PBXNativeTarget "worshipsongs" */;
			buildPhases = (
				5888516B69880D298042DE57 /* [CP] Check Pods Manifest.lock */,
				2F5D3D161BC788F8001C4B6F /* Sources */,
				2F5D3D171BC788F8001C4B6F /* Frameworks */,
				2F5D3D181BC788F8001C4B6F /* Resources */,
				68405BF5CAA152C57A447608 /* [CP] Embed Pods Frameworks */,
			);
			buildRules = (
			);
			dependencies = (
			);
			name = worshipsongs;
			productName = worshipsongs;
			productReference = 2F5D3D1A1BC788F8001C4B6F /* worshipsongs.app */;
			productType = "com.apple.product-type.application";
		};
		2F5D3D2F1BC788F8001C4B6F /* worshipsongsTests */ = {
			isa = PBXNativeTarget;
			buildConfigurationList = 2F5D3D471BC788F8001C4B6F /* Build configuration list for PBXNativeTarget "worshipsongsTests" */;
			buildPhases = (
				9B4F1435376A9B25635CBCA3 /* [CP] Check Pods Manifest.lock */,
				2F5D3D2C1BC788F8001C4B6F /* Sources */,
				2F5D3D2D1BC788F8001C4B6F /* Frameworks */,
				2F5D3D2E1BC788F8001C4B6F /* Resources */,
				D6A9E2A70CD4E6D8004E28E4 /* [CP] Embed Pods Frameworks */,
			);
			buildRules = (
			);
			dependencies = (
				2F5D3D321BC788F8001C4B6F /* PBXTargetDependency */,
			);
			name = worshipsongsTests;
			productName = worshipsongsTests;
			productReference = 2F5D3D301BC788F8001C4B6F /* worshipsongsTests.xctest */;
			productType = "com.apple.product-type.bundle.unit-test";
		};
		2F5D3D3A1BC788F8001C4B6F /* worshipsongsUITests */ = {
			isa = PBXNativeTarget;
			buildConfigurationList = 2F5D3D4A1BC788F8001C4B6F /* Build configuration list for PBXNativeTarget "worshipsongsUITests" */;
			buildPhases = (
				2F5D3D371BC788F8001C4B6F /* Sources */,
				2F5D3D381BC788F8001C4B6F /* Frameworks */,
				2F5D3D391BC788F8001C4B6F /* Resources */,
			);
			buildRules = (
			);
			dependencies = (
				2F5D3D3D1BC788F8001C4B6F /* PBXTargetDependency */,
			);
			name = worshipsongsUITests;
			productName = worshipsongsUITests;
			productReference = 2F5D3D3B1BC788F8001C4B6F /* worshipsongsUITests.xctest */;
			productType = "com.apple.product-type.bundle.ui-testing";
		};
/* End PBXNativeTarget section */

/* Begin PBXProject section */
		2F5D3D121BC788F8001C4B6F /* Project object */ = {
			isa = PBXProject;
			attributes = {
				LastUpgradeCheck = 0800;
				ORGANIZATIONNAME = "Vignesh Palanisamy";
				TargetAttributes = {
					2F5D3D191BC788F8001C4B6F = {
						CreatedOnToolsVersion = 7.0.1;
						DevelopmentTeam = 7W474V4EGY;
						LastSwiftMigration = 0900;
						ProvisioningStyle = Automatic;
						SystemCapabilities = {
							com.apple.SafariKeychain = {
								enabled = 1;
							};
							com.apple.iCloud = {
								enabled = 1;
							};
						};
					};
					2F5D3D2F1BC788F8001C4B6F = {
						CreatedOnToolsVersion = 7.0.1;
						LastSwiftMigration = 0900;
						TestTargetID = 2F5D3D191BC788F8001C4B6F;
					};
					2F5D3D3A1BC788F8001C4B6F = {
						CreatedOnToolsVersion = 7.0.1;
						LastSwiftMigration = 0900;
						TestTargetID = 2F5D3D191BC788F8001C4B6F;
					};
				};
			};
			buildConfigurationList = 2F5D3D151BC788F8001C4B6F /* Build configuration list for PBXProject "worshipsongs" */;
			compatibilityVersion = "Xcode 3.2";
			developmentRegion = English;
			hasScannedForEncodings = 0;
			knownRegions = (
				English,
				en,
				Base,
				"en-GB",
				ta,
			);
			mainGroup = 2F5D3D111BC788F8001C4B6F;
			productRefGroup = 2F5D3D1B1BC788F8001C4B6F /* Products */;
			projectDirPath = "";
			projectRoot = "";
			targets = (
				2F5D3D191BC788F8001C4B6F /* worshipsongs */,
				2F5D3D2F1BC788F8001C4B6F /* worshipsongsTests */,
				2F5D3D3A1BC788F8001C4B6F /* worshipsongsUITests */,
			);
		};
/* End PBXProject section */

/* Begin PBXResourcesBuildPhase section */
		2F5D3D181BC788F8001C4B6F /* Resources */ = {
			isa = PBXResourcesBuildPhase;
			buildActionMask = 2147483647;
			files = (
				2FA7034121522C3900AD320B /* worshipsongs.entitlements in Resources */,
				2F505D4420F7557B009FF45D /* songs.sqlite in Resources */,
				2FE840F51DDC33A6002B3379 /* Localizable.strings in Resources */,
				2FE250291E42E305007BA85D /* PresentationView.xib in Resources */,
				2F5D3D251BC788F8001C4B6F /* Main.storyboard in Resources */,
				2FFC99291DEFF4D600AEABEF /* Assets.xcassets in Resources */,
			);
			runOnlyForDeploymentPostprocessing = 0;
		};
		2F5D3D2E1BC788F8001C4B6F /* Resources */ = {
			isa = PBXResourcesBuildPhase;
			buildActionMask = 2147483647;
			files = (
				1A9333D82603372E00953865 /* openlp-service-lite.osj in Resources */,
			);
			runOnlyForDeploymentPostprocessing = 0;
		};
		2F5D3D391BC788F8001C4B6F /* Resources */ = {
			isa = PBXResourcesBuildPhase;
			buildActionMask = 2147483647;
			files = (
			);
			runOnlyForDeploymentPostprocessing = 0;
		};
/* End PBXResourcesBuildPhase section */

/* Begin PBXShellScriptBuildPhase section */
		5888516B69880D298042DE57 /* [CP] Check Pods Manifest.lock */ = {
			isa = PBXShellScriptBuildPhase;
			buildActionMask = 2147483647;
			files = (
			);
			inputFileListPaths = (
			);
			inputPaths = (
				"${PODS_PODFILE_DIR_PATH}/Podfile.lock",
				"${PODS_ROOT}/Manifest.lock",
			);
			name = "[CP] Check Pods Manifest.lock";
			outputFileListPaths = (
			);
			outputPaths = (
				"$(DERIVED_FILE_DIR)/Pods-worshipsongs-checkManifestLockResult.txt",
			);
			runOnlyForDeploymentPostprocessing = 0;
			shellPath = /bin/sh;
			shellScript = "diff \"${PODS_PODFILE_DIR_PATH}/Podfile.lock\" \"${PODS_ROOT}/Manifest.lock\" > /dev/null\nif [ $? != 0 ] ; then\n    # print error to STDERR\n    echo \"error: The sandbox is not in sync with the Podfile.lock. Run 'pod install' or update your CocoaPods installation.\" >&2\n    exit 1\nfi\n# This output is used by Xcode 'outputs' to avoid re-running this script phase.\necho \"SUCCESS\" > \"${SCRIPT_OUTPUT_FILE_0}\"\n";
			showEnvVarsInLog = 0;
		};
		68405BF5CAA152C57A447608 /* [CP] Embed Pods Frameworks */ = {
			isa = PBXShellScriptBuildPhase;
			buildActionMask = 2147483647;
			files = (
			);
			inputPaths = (
				"${PODS_ROOT}/Target Support Files/Pods-worshipsongs/Pods-worshipsongs-frameworks.sh",
				"${BUILT_PRODUCTS_DIR}/AEXML/AEXML.framework",
				"${BUILT_PRODUCTS_DIR}/FMDB/FMDB.framework",
				"${BUILT_PRODUCTS_DIR}/Floaty/Floaty.framework",
				"${BUILT_PRODUCTS_DIR}/SwiftyJSON/SwiftyJSON.framework",
				"${BUILT_PRODUCTS_DIR}/Swinject/Swinject.framework",
				"${BUILT_PRODUCTS_DIR}/SwinjectAutoregistration/SwinjectAutoregistration.framework",
				"${BUILT_PRODUCTS_DIR}/SwinjectStoryboard/SwinjectStoryboard.framework",
				"${BUILT_PRODUCTS_DIR}/YouTubePlayer/YouTubePlayer.framework",
				"${BUILT_PRODUCTS_DIR}/Zip/Zip.framework",
			);
			name = "[CP] Embed Pods Frameworks";
			outputPaths = (
				"${TARGET_BUILD_DIR}/${FRAMEWORKS_FOLDER_PATH}/AEXML.framework",
				"${TARGET_BUILD_DIR}/${FRAMEWORKS_FOLDER_PATH}/FMDB.framework",
				"${TARGET_BUILD_DIR}/${FRAMEWORKS_FOLDER_PATH}/Floaty.framework",
				"${TARGET_BUILD_DIR}/${FRAMEWORKS_FOLDER_PATH}/SwiftyJSON.framework",
				"${TARGET_BUILD_DIR}/${FRAMEWORKS_FOLDER_PATH}/Swinject.framework",
				"${TARGET_BUILD_DIR}/${FRAMEWORKS_FOLDER_PATH}/SwinjectAutoregistration.framework",
				"${TARGET_BUILD_DIR}/${FRAMEWORKS_FOLDER_PATH}/SwinjectStoryboard.framework",
				"${TARGET_BUILD_DIR}/${FRAMEWORKS_FOLDER_PATH}/YouTubePlayer.framework",
				"${TARGET_BUILD_DIR}/${FRAMEWORKS_FOLDER_PATH}/Zip.framework",
			);
			runOnlyForDeploymentPostprocessing = 0;
			shellPath = /bin/sh;
			shellScript = "\"${PODS_ROOT}/Target Support Files/Pods-worshipsongs/Pods-worshipsongs-frameworks.sh\"\n";
			showEnvVarsInLog = 0;
		};
		9B4F1435376A9B25635CBCA3 /* [CP] Check Pods Manifest.lock */ = {
			isa = PBXShellScriptBuildPhase;
			buildActionMask = 2147483647;
			files = (
			);
			inputFileListPaths = (
			);
			inputPaths = (
				"${PODS_PODFILE_DIR_PATH}/Podfile.lock",
				"${PODS_ROOT}/Manifest.lock",
			);
			name = "[CP] Check Pods Manifest.lock";
			outputFileListPaths = (
			);
			outputPaths = (
				"$(DERIVED_FILE_DIR)/Pods-worshipsongsTests-checkManifestLockResult.txt",
			);
			runOnlyForDeploymentPostprocessing = 0;
			shellPath = /bin/sh;
			shellScript = "diff \"${PODS_PODFILE_DIR_PATH}/Podfile.lock\" \"${PODS_ROOT}/Manifest.lock\" > /dev/null\nif [ $? != 0 ] ; then\n    # print error to STDERR\n    echo \"error: The sandbox is not in sync with the Podfile.lock. Run 'pod install' or update your CocoaPods installation.\" >&2\n    exit 1\nfi\n# This output is used by Xcode 'outputs' to avoid re-running this script phase.\necho \"SUCCESS\" > \"${SCRIPT_OUTPUT_FILE_0}\"\n";
			showEnvVarsInLog = 0;
		};
		D6A9E2A70CD4E6D8004E28E4 /* [CP] Embed Pods Frameworks */ = {
			isa = PBXShellScriptBuildPhase;
			buildActionMask = 2147483647;
			files = (
			);
			inputPaths = (
				"${PODS_ROOT}/Target Support Files/Pods-worshipsongsTests/Pods-worshipsongsTests-frameworks.sh",
				"${BUILT_PRODUCTS_DIR}/AEXML/AEXML.framework",
				"${BUILT_PRODUCTS_DIR}/FMDB/FMDB.framework",
				"${BUILT_PRODUCTS_DIR}/Floaty/Floaty.framework",
				"${BUILT_PRODUCTS_DIR}/SwiftyJSON/SwiftyJSON.framework",
				"${BUILT_PRODUCTS_DIR}/Swinject/Swinject.framework",
				"${BUILT_PRODUCTS_DIR}/SwinjectAutoregistration/SwinjectAutoregistration.framework",
				"${BUILT_PRODUCTS_DIR}/SwinjectStoryboard/SwinjectStoryboard.framework",
				"${BUILT_PRODUCTS_DIR}/YouTubePlayer/YouTubePlayer.framework",
				"${BUILT_PRODUCTS_DIR}/Zip/Zip.framework",
				"${BUILT_PRODUCTS_DIR}/Cuckoo/Cuckoo.framework",
				"${BUILT_PRODUCTS_DIR}/Nimble/Nimble.framework",
				"${BUILT_PRODUCTS_DIR}/Quick/Quick.framework",
			);
			name = "[CP] Embed Pods Frameworks";
			outputPaths = (
				"${TARGET_BUILD_DIR}/${FRAMEWORKS_FOLDER_PATH}/AEXML.framework",
				"${TARGET_BUILD_DIR}/${FRAMEWORKS_FOLDER_PATH}/FMDB.framework",
				"${TARGET_BUILD_DIR}/${FRAMEWORKS_FOLDER_PATH}/Floaty.framework",
				"${TARGET_BUILD_DIR}/${FRAMEWORKS_FOLDER_PATH}/SwiftyJSON.framework",
				"${TARGET_BUILD_DIR}/${FRAMEWORKS_FOLDER_PATH}/Swinject.framework",
				"${TARGET_BUILD_DIR}/${FRAMEWORKS_FOLDER_PATH}/SwinjectAutoregistration.framework",
				"${TARGET_BUILD_DIR}/${FRAMEWORKS_FOLDER_PATH}/SwinjectStoryboard.framework",
				"${TARGET_BUILD_DIR}/${FRAMEWORKS_FOLDER_PATH}/YouTubePlayer.framework",
				"${TARGET_BUILD_DIR}/${FRAMEWORKS_FOLDER_PATH}/Zip.framework",
				"${TARGET_BUILD_DIR}/${FRAMEWORKS_FOLDER_PATH}/Cuckoo.framework",
				"${TARGET_BUILD_DIR}/${FRAMEWORKS_FOLDER_PATH}/Nimble.framework",
				"${TARGET_BUILD_DIR}/${FRAMEWORKS_FOLDER_PATH}/Quick.framework",
			);
			runOnlyForDeploymentPostprocessing = 0;
			shellPath = /bin/sh;
			shellScript = "\"${PODS_ROOT}/Target Support Files/Pods-worshipsongsTests/Pods-worshipsongsTests-frameworks.sh\"\n";
			showEnvVarsInLog = 0;
		};
/* End PBXShellScriptBuildPhase section */

/* Begin PBXSourcesBuildPhase section */
		2F5D3D161BC788F8001C4B6F /* Sources */ = {
			isa = PBXSourcesBuildPhase;
			buildActionMask = 2147483647;
			files = (
				2F0A70F91E1B432D0025F156 /* TitleTableViewCell.swift in Sources */,
				2F5E0C83265CF5BA00498D1C /* UITabbar+Extensions.swift in Sources */,
				2FEDF61D1F720D18005D1B83 /* AutoCompleteTextField.swift in Sources */,
				2FE250301E43134E007BA85D /* PresentationData.swift in Sources */,
				28786FCC1F78F7310085B216 /* SongBook.swift in Sources */,
				2FC6EA4222680B5C007882A6 /* SimplePDFLabel.swift in Sources */,
				2F5D3D561BC78D51001C4B6F /* Song.swift in Sources */,
				1A9333A826031B4300953865 /* IOpenLPServiceConverter.swift in Sources */,
				2FB0ADC622154B6600EB305F /* CustomProvider.swift in Sources */,
				2F18C4C31E8DE6B800E540AF /* CategoriesTableViewController.swift in Sources */,
				2FFBC33E1E7BAB85006B2405 /* DatabaseService.swift in Sources */,
				2F1F2A0B1E5C09290046EFDA /* FavoritesSong.swift in Sources */,
				2FF0BE861E0CD218004E2127 /* SongWithVideoViewController.swift in Sources */,
				2F06EE041EF8EBF8006B5E62 /* LanguageSettingViewController.swift in Sources */,
				2FE840F01DDBEAA1002B3379 /* DatabaseHelper.swift in Sources */,
				2FEDF61B1F72044D005D1B83 /* ManageFavoritesController.swift in Sources */,
				2F56417D1BCB3A9700064269 /* SongsTableViewController.swift in Sources */,
				2F19EAFE1E5FBE4D00B989D8 /* Downloader.swift in Sources */,
				2FDE48531DF140BD00948236 /* SettingsController.swift in Sources */,
				2FEDF61F1F721AF1005D1B83 /* FavoritesListViewController.swift in Sources */,
				1AADE9162627D40500EED553 /* AppLogger.swift in Sources */,
				280B923E1E77830E00833EAA /* DeviceUtils.swift in Sources */,
				1A9333B926031C9200953865 /* OpenLPServiceConverter.swift in Sources */,
				625E81751BD664D000BE80B8 /* XmlParserService.swift in Sources */,
				2F5D3D5C1BC7A216001C4B6F /* CommonService.swift in Sources */,
				2FD589991C16775C00668951 /* ArtistSongsTitleTableViewController.swift in Sources */,
				28E0544F1F7B31EB006502EB /* SongBookController.swift in Sources */,
				2FD5899A1C167CD300668951 /* TitlesViewController.swift in Sources */,
				2F08FFD51F30093400B894FB /* UpdateService.swift in Sources */,
				2F16DED11E5A824000E3CA27 /* FavoritesSongsWithOrder.swift in Sources */,
				2F0A5F601F7B35F00026EC48 /* AddFavoriteViewController.swift in Sources */,
				2FB0ADC8221552D500EB305F /* MessageParser.swift in Sources */,
				2F5D3D1E1BC788F8001C4B6F /* AppDelegate.swift in Sources */,
				2FFF80801F1718560086439B /* ViewUtils.swift in Sources */,
				2FD589951C1660A300668951 /* Author.swift in Sources */,
				1AADE9272629639400EED553 /* TitlesViewModel.swift in Sources */,
				2FA885CF215325430069DE89 /* FavoritesTableViewController.swift in Sources */,
				2F1044201E6422E200DBDD54 /* DatabaseLoadingViewController.swift in Sources */,
				2F055E2C1DE28664003908CF /* FullScreenViewController.swift in Sources */,
				285D5A641E76497000C3F1EE /* CommonConstants.swift in Sources */,
				2FC6EA4122680B5C007882A6 /* SimplePDF.swift in Sources */,
				2FA885D0215325570069DE89 /* String+Extensions.swift in Sources */,
				2FE636591E41DED80092A696 /* ColorUtils.swift in Sources */,
				2F5A6A7F1C15624B001E8B93 /* SongsTabBarViewController.swift in Sources */,
				6CC71EAF272A5D650053CF13 /* INotificationCenterService.swift in Sources */,
				2FD78E4E1C103C1A00A171B7 /* RegexPatternMatcherService.swift in Sources */,
				2FB0ADC422151DFB00EB305F /* LyricsXmlParser.swift in Sources */,
				2FE2502E1E42FD7A007BA85D /* PresentationView.swift in Sources */,
				2FD589931C165FC400668951 /* ArtistsTableViewController.swift in Sources */,
				2FF27BA81FFF05EE009055AD /* RateUsViewController.swift in Sources */,
				2FE636581E4190FF0092A696 /* PresentationViewController.swift in Sources */,
				2FD78E4C1C103A5D00A171B7 /* CustomTextSettingService.swift in Sources */,
				2FFE61E01F317421007B08CC /* UpdateSongsViewController.swift in Sources */,
				2F19EB001E6005A000B989D8 /* RemoteUrlViewController.swift in Sources */,
				2F08FFD71F301B8A00B894FB /* RestApiService.swift in Sources */,
				28786FCE1F78FAD30085B216 /* SongBookService.swift in Sources */,
				1AADE9112627CD5C00EED553 /* DependencyAssembly.swift in Sources */,
				2F18C4C51E8DF17700E540AF /* Category.swift in Sources */,
				2FC6EA4322680B5C007882A6 /* SimplePDFUtilities.swift in Sources */,
				6CC71EB1272A5DFC0053CF13 /* NotificationCenterService.swift in Sources */,
			);
			runOnlyForDeploymentPostprocessing = 0;
		};
		2F5D3D2C1BC788F8001C4B6F /* Sources */ = {
			isa = PBXSourcesBuildPhase;
			buildActionMask = 2147483647;
			files = (
				1ADDED4126048B2D004724DD /* DatabaseHelperSpec.swift in Sources */,
				625E81761BD664D000BE80B8 /* XmlParserService.swift in Sources */,
				1AF35E63260C17C500AF0F2E /* ConvertFavouritesToOpenLPServiceAcceptanceSpec.swift in Sources */,
				1ACC3A7C262D3A9C006BCB16 /* LyricsXmlParserSpec.swift in Sources */,
				283D8F0A1E7797540078B159 /* DeviceUtils.swift in Sources */,
				1AADE930262963C600EED553 /* TitlesViewModelSpec.swift in Sources */,
				1A8A4B5326082D28003126F8 /* StringExtensionsSpec.swift in Sources */,
				1A9333CF26031E0000953865 /* OpenLPServiceConverterSpec.swift in Sources */,
			);
			runOnlyForDeploymentPostprocessing = 0;
		};
		2F5D3D371BC788F8001C4B6F /* Sources */ = {
			isa = PBXSourcesBuildPhase;
			buildActionMask = 2147483647;
			files = (
				625E81771BD664D000BE80B8 /* XmlParserService.swift in Sources */,
				2F5D3D401BC788F8001C4B6F /* worshipsongsUITests.swift in Sources */,
			);
			runOnlyForDeploymentPostprocessing = 0;
		};
/* End PBXSourcesBuildPhase section */

/* Begin PBXTargetDependency section */
		2F5D3D321BC788F8001C4B6F /* PBXTargetDependency */ = {
			isa = PBXTargetDependency;
			target = 2F5D3D191BC788F8001C4B6F /* worshipsongs */;
			targetProxy = 2F5D3D311BC788F8001C4B6F /* PBXContainerItemProxy */;
		};
		2F5D3D3D1BC788F8001C4B6F /* PBXTargetDependency */ = {
			isa = PBXTargetDependency;
			target = 2F5D3D191BC788F8001C4B6F /* worshipsongs */;
			targetProxy = 2F5D3D3C1BC788F8001C4B6F /* PBXContainerItemProxy */;
		};
/* End PBXTargetDependency section */

/* Begin PBXVariantGroup section */
		2F5D3D231BC788F8001C4B6F /* Main.storyboard */ = {
			isa = PBXVariantGroup;
			children = (
				2F5D3D241BC788F8001C4B6F /* Base */,
			);
			name = Main.storyboard;
			sourceTree = "<group>";
		};
		2FE840F71DDC33A6002B3379 /* Localizable.strings */ = {
			isa = PBXVariantGroup;
			children = (
				2FE840F61DDC33A6002B3379 /* Base */,
				2FE840F81DDC33BF002B3379 /* en-GB */,
				2FE840F91DDC33CA002B3379 /* en */,
				2FFF80811F171C8C0086439B /* ta */,
			);
			name = Localizable.strings;
			sourceTree = "<group>";
		};
/* End PBXVariantGroup section */

/* Begin XCBuildConfiguration section */
		2F5D3D421BC788F8001C4B6F /* Debug */ = {
			isa = XCBuildConfiguration;
			buildSettings = {
				ALWAYS_SEARCH_USER_PATHS = NO;
				CLANG_ANALYZER_LOCALIZABILITY_NONLOCALIZED = YES;
				CLANG_CXX_LANGUAGE_STANDARD = "gnu++0x";
				CLANG_CXX_LIBRARY = "libc++";
				CLANG_ENABLE_MODULES = YES;
				CLANG_ENABLE_OBJC_ARC = YES;
				CLANG_WARN_BOOL_CONVERSION = YES;
				CLANG_WARN_CONSTANT_CONVERSION = YES;
				CLANG_WARN_DIRECT_OBJC_ISA_USAGE = YES_ERROR;
				CLANG_WARN_EMPTY_BODY = YES;
				CLANG_WARN_ENUM_CONVERSION = YES;
				CLANG_WARN_INFINITE_RECURSION = YES;
				CLANG_WARN_INT_CONVERSION = YES;
				CLANG_WARN_OBJC_ROOT_CLASS = YES_ERROR;
				CLANG_WARN_SUSPICIOUS_MOVE = YES;
				CLANG_WARN_UNREACHABLE_CODE = YES;
				CLANG_WARN__DUPLICATE_METHOD_MATCH = YES;
				CODE_SIGN_IDENTITY = "iPhone Developer";
				"CODE_SIGN_IDENTITY[sdk=iphoneos*]" = "iPhone Developer";
				COPY_PHASE_STRIP = NO;
				CURRENT_PROJECT_VERSION = 9;
				DEBUG_INFORMATION_FORMAT = dwarf;
				ENABLE_STRICT_OBJC_MSGSEND = YES;
				ENABLE_TESTABILITY = YES;
				GCC_C_LANGUAGE_STANDARD = gnu99;
				GCC_DYNAMIC_NO_PIC = NO;
				GCC_NO_COMMON_BLOCKS = YES;
				GCC_OPTIMIZATION_LEVEL = 0;
				GCC_PREPROCESSOR_DEFINITIONS = (
					"DEBUG=1",
					"$(inherited)",
				);
				GCC_WARN_64_TO_32_BIT_CONVERSION = YES;
				GCC_WARN_ABOUT_RETURN_TYPE = YES_ERROR;
				GCC_WARN_UNDECLARED_SELECTOR = YES;
				GCC_WARN_UNINITIALIZED_AUTOS = YES_AGGRESSIVE;
				GCC_WARN_UNUSED_FUNCTION = YES;
				GCC_WARN_UNUSED_VARIABLE = YES;
				IPHONEOS_DEPLOYMENT_TARGET = 9.0;
				MTL_ENABLE_DEBUG_INFO = YES;
				ONLY_ACTIVE_ARCH = YES;
				SDKROOT = iphoneos;
				SWIFT_OBJC_BRIDGING_HEADER = "worshipsongs/Bridging-Header.h";
				SWIFT_OPTIMIZATION_LEVEL = "-Onone";
				TARGETED_DEVICE_FAMILY = "1,2";
				VERSIONING_SYSTEM = "apple-generic";
			};
			name = Debug;
		};
		2F5D3D431BC788F8001C4B6F /* Release */ = {
			isa = XCBuildConfiguration;
			buildSettings = {
				ALWAYS_SEARCH_USER_PATHS = NO;
				CLANG_ANALYZER_LOCALIZABILITY_NONLOCALIZED = YES;
				CLANG_CXX_LANGUAGE_STANDARD = "gnu++0x";
				CLANG_CXX_LIBRARY = "libc++";
				CLANG_ENABLE_MODULES = YES;
				CLANG_ENABLE_OBJC_ARC = YES;
				CLANG_WARN_BOOL_CONVERSION = YES;
				CLANG_WARN_CONSTANT_CONVERSION = YES;
				CLANG_WARN_DIRECT_OBJC_ISA_USAGE = YES_ERROR;
				CLANG_WARN_EMPTY_BODY = YES;
				CLANG_WARN_ENUM_CONVERSION = YES;
				CLANG_WARN_INFINITE_RECURSION = YES;
				CLANG_WARN_INT_CONVERSION = YES;
				CLANG_WARN_OBJC_ROOT_CLASS = YES_ERROR;
				CLANG_WARN_SUSPICIOUS_MOVE = YES;
				CLANG_WARN_UNREACHABLE_CODE = YES;
				CLANG_WARN__DUPLICATE_METHOD_MATCH = YES;
				CODE_SIGN_IDENTITY = "iPhone Distribution";
				"CODE_SIGN_IDENTITY[sdk=iphoneos*]" = "iPhone Distribution";
				COPY_PHASE_STRIP = NO;
				CURRENT_PROJECT_VERSION = 9;
				DEBUG_INFORMATION_FORMAT = "dwarf-with-dsym";
				ENABLE_NS_ASSERTIONS = NO;
				ENABLE_STRICT_OBJC_MSGSEND = YES;
				GCC_C_LANGUAGE_STANDARD = gnu99;
				GCC_NO_COMMON_BLOCKS = YES;
				GCC_WARN_64_TO_32_BIT_CONVERSION = YES;
				GCC_WARN_ABOUT_RETURN_TYPE = YES_ERROR;
				GCC_WARN_UNDECLARED_SELECTOR = YES;
				GCC_WARN_UNINITIALIZED_AUTOS = YES_AGGRESSIVE;
				GCC_WARN_UNUSED_FUNCTION = YES;
				GCC_WARN_UNUSED_VARIABLE = YES;
				IPHONEOS_DEPLOYMENT_TARGET = 9.0;
				MTL_ENABLE_DEBUG_INFO = NO;
				SDKROOT = iphoneos;
				SWIFT_OBJC_BRIDGING_HEADER = "worshipsongs/Bridging-Header.h";
				SWIFT_OPTIMIZATION_LEVEL = "-Owholemodule";
				TARGETED_DEVICE_FAMILY = "1,2";
				VALIDATE_PRODUCT = YES;
				VERSIONING_SYSTEM = "apple-generic";
			};
			name = Release;
		};
		2F5D3D451BC788F8001C4B6F /* Debug */ = {
			isa = XCBuildConfiguration;
			baseConfigurationReference = E0661FC248D9D1E947D37C33 /* Pods-worshipsongs.debug.xcconfig */;
			buildSettings = {
				ASSETCATALOG_COMPILER_APPICON_NAME = AppIcon;
				ASSETCATALOG_COMPILER_LAUNCHIMAGE_NAME = LaunchImage;
				CODE_SIGN_ENTITLEMENTS = worshipsongs/worshipsongs.entitlements;
				CODE_SIGN_IDENTITY = "Apple Development";
				"CODE_SIGN_IDENTITY[sdk=iphoneos*]" = "iPhone Developer";
				CODE_SIGN_STYLE = Automatic;
				CURRENT_PROJECT_VERSION = 1;
				DEVELOPMENT_TEAM = "";
				INFOPLIST_FILE = worshipsongs/Info.plist;
				LD_RUNPATH_SEARCH_PATHS = "$(inherited) @executable_path/Frameworks";
				LIBRARY_SEARCH_PATHS = (
					"$(inherited)",
					"$(PROJECT_DIR)/build/Debug-iphoneos",
				);
				MARKETING_VERSION = 3.0.1;
				PRODUCT_BUNDLE_IDENTIFIER = com.mcruncher.worshipsongs;
				PRODUCT_NAME = "$(TARGET_NAME)";
				PROVISIONING_PROFILE = "";
				PROVISIONING_PROFILE_SPECIFIER = "";
				SWIFT_SWIFT3_OBJC_INFERENCE = Default;
				SWIFT_VERSION = 4.0;
			};
			name = Debug;
		};
		2F5D3D461BC788F8001C4B6F /* Release */ = {
			isa = XCBuildConfiguration;
			baseConfigurationReference = 8D8462F5D2DACE7FAB0DFA95 /* Pods-worshipsongs.release.xcconfig */;
			buildSettings = {
				ASSETCATALOG_COMPILER_APPICON_NAME = AppIcon;
				ASSETCATALOG_COMPILER_LAUNCHIMAGE_NAME = LaunchImage;
				CODE_SIGN_ENTITLEMENTS = worshipsongs/worshipsongs.entitlements;
				CODE_SIGN_IDENTITY = "Apple Distribution";
				"CODE_SIGN_IDENTITY[sdk=iphoneos*]" = "Apple Distribution";
				CODE_SIGN_STYLE = Manual;
				CURRENT_PROJECT_VERSION = 1;
				DEVELOPMENT_TEAM = 7W474V4EGY;
				INFOPLIST_FILE = worshipsongs/Info.plist;
				LD_RUNPATH_SEARCH_PATHS = "$(inherited) @executable_path/Frameworks";
				LIBRARY_SEARCH_PATHS = (
					"$(inherited)",
					"$(PROJECT_DIR)/build/Debug-iphoneos",
				);
				MARKETING_VERSION = 3.0.1;
				PRODUCT_BUNDLE_IDENTIFIER = com.mcruncher.worshipsongs;
				PRODUCT_NAME = "$(TARGET_NAME)";
				PROVISIONING_PROFILE = "";
				PROVISIONING_PROFILE_SPECIFIER = "match AppStore com.mcruncher.worshipsongs";
				SWIFT_SWIFT3_OBJC_INFERENCE = Default;
				SWIFT_VERSION = 4.0;
			};
			name = Release;
		};
		2F5D3D481BC788F8001C4B6F /* Debug */ = {
			isa = XCBuildConfiguration;
			baseConfigurationReference = 71DAEADD10A11A2E479545EB /* Pods-worshipsongsTests.debug.xcconfig */;
			buildSettings = {
				BUNDLE_LOADER = "$(TEST_HOST)";
				INFOPLIST_FILE = worshipsongsTests/Info.plist;
				LD_RUNPATH_SEARCH_PATHS = "$(inherited) @executable_path/Frameworks @loader_path/Frameworks";
				PRODUCT_BUNDLE_IDENTIFIER = crunchersaspire.worshipsongsTests;
				PRODUCT_NAME = "$(TARGET_NAME)";
				SWIFT_SWIFT3_OBJC_INFERENCE = Default;
				SWIFT_VERSION = 4.0;
				TEST_HOST = "$(BUILT_PRODUCTS_DIR)/worshipsongs.app/worshipsongs";
			};
			name = Debug;
		};
		2F5D3D491BC788F8001C4B6F /* Release */ = {
			isa = XCBuildConfiguration;
			baseConfigurationReference = 94DA441153DA07131B08E8CB /* Pods-worshipsongsTests.release.xcconfig */;
			buildSettings = {
				BUNDLE_LOADER = "$(TEST_HOST)";
				CODE_SIGN_IDENTITY = "Apple Distribution";
				CODE_SIGN_STYLE = Manual;
				DEVELOPMENT_TEAM = "";
				INFOPLIST_FILE = worshipsongsTests/Info.plist;
				LD_RUNPATH_SEARCH_PATHS = "$(inherited) @executable_path/Frameworks @loader_path/Frameworks";
				PRODUCT_BUNDLE_IDENTIFIER = crunchersaspire.worshipsongsTests;
				PRODUCT_NAME = "$(TARGET_NAME)";
				PROVISIONING_PROFILE_SPECIFIER = "";
				"PROVISIONING_PROFILE_SPECIFIER[sdk=macosx*]" = "";
				SWIFT_SWIFT3_OBJC_INFERENCE = Default;
				SWIFT_VERSION = 4.0;
				TEST_HOST = "$(BUILT_PRODUCTS_DIR)/worshipsongs.app/worshipsongs";
			};
			name = Release;
		};
		2F5D3D4B1BC788F8001C4B6F /* Debug */ = {
			isa = XCBuildConfiguration;
			buildSettings = {
				INFOPLIST_FILE = worshipsongsUITests/Info.plist;
				LD_RUNPATH_SEARCH_PATHS = "$(inherited) @executable_path/Frameworks @loader_path/Frameworks";
				PRODUCT_BUNDLE_IDENTIFIER = crunchersaspire.worshipsongsUITests;
				PRODUCT_NAME = "$(TARGET_NAME)";
				SWIFT_SWIFT3_OBJC_INFERENCE = Default;
				SWIFT_VERSION = 4.0;
				TEST_TARGET_NAME = worshipsongs;
				USES_XCTRUNNER = YES;
			};
			name = Debug;
		};
		2F5D3D4C1BC788F8001C4B6F /* Release */ = {
			isa = XCBuildConfiguration;
			buildSettings = {
				INFOPLIST_FILE = worshipsongsUITests/Info.plist;
				LD_RUNPATH_SEARCH_PATHS = "$(inherited) @executable_path/Frameworks @loader_path/Frameworks";
				PRODUCT_BUNDLE_IDENTIFIER = crunchersaspire.worshipsongsUITests;
				PRODUCT_NAME = "$(TARGET_NAME)";
				SWIFT_SWIFT3_OBJC_INFERENCE = Default;
				SWIFT_VERSION = 4.0;
				TEST_TARGET_NAME = worshipsongs;
				USES_XCTRUNNER = YES;
			};
			name = Release;
		};
/* End XCBuildConfiguration section */

/* Begin XCConfigurationList section */
		2F5D3D151BC788F8001C4B6F /* Build configuration list for PBXProject "worshipsongs" */ = {
			isa = XCConfigurationList;
			buildConfigurations = (
				2F5D3D421BC788F8001C4B6F /* Debug */,
				2F5D3D431BC788F8001C4B6F /* Release */,
			);
			defaultConfigurationIsVisible = 0;
			defaultConfigurationName = Release;
		};
		2F5D3D441BC788F8001C4B6F /* Build configuration list for PBXNativeTarget "worshipsongs" */ = {
			isa = XCConfigurationList;
			buildConfigurations = (
				2F5D3D451BC788F8001C4B6F /* Debug */,
				2F5D3D461BC788F8001C4B6F /* Release */,
			);
			defaultConfigurationIsVisible = 0;
			defaultConfigurationName = Release;
		};
		2F5D3D471BC788F8001C4B6F /* Build configuration list for PBXNativeTarget "worshipsongsTests" */ = {
			isa = XCConfigurationList;
			buildConfigurations = (
				2F5D3D481BC788F8001C4B6F /* Debug */,
				2F5D3D491BC788F8001C4B6F /* Release */,
			);
			defaultConfigurationIsVisible = 0;
			defaultConfigurationName = Release;
		};
		2F5D3D4A1BC788F8001C4B6F /* Build configuration list for PBXNativeTarget "worshipsongsUITests" */ = {
			isa = XCConfigurationList;
			buildConfigurations = (
				2F5D3D4B1BC788F8001C4B6F /* Debug */,
				2F5D3D4C1BC788F8001C4B6F /* Release */,
			);
			defaultConfigurationIsVisible = 0;
			defaultConfigurationName = Release;
		};
/* End XCConfigurationList section */
	};
	rootObject = 2F5D3D121BC788F8001C4B6F /* Project object */;
}
