PODS:
  - Floaty (4.1.0)
  - FMDB (2.7.5):
    - FMDB/standard (= 2.7.5)
  - FMDB/standard (2.7.5)
  - SwiftLint (0.43.1)
  - YouTubePlayer (0.7.2)

DEPENDENCIES:
  - Floaty
  - FMDB
  - SwiftLint
  - YouTubePlayer

SPEC REPOS:
  trunk:
    - Floaty
    - FMDB
    - SwiftLint
    - YouTubePlayer

SPEC CHECKSUMS:
  Floaty: 1a4e213f3512cf3045ef9cb0c1ff456226d1f66a
  FMDB: 2ce00b547f966261cd18927a3ddb07cb6f3db82a
  SwiftLint: 99f82d07b837b942dd563c668de129a03fc3fb52
  YouTubePlayer: 2b5f2830d8f9b2cde942083211291e382c9e6bd5

PODFILE CHECKSUM: 3716037c5bdd373db6ce39bd15f8bb05601b47ad

COCOAPODS: 1.10.1
