PODS:
  - Floaty (4.1.0)
  - FMDB (2.7.5):
    - FMDB/standard (= 2.7.5)
  - FMDB/standard (2.7.5)
  - YouTubePlayer (0.5.0)

DEPENDENCIES:
  - Floaty (from `https://github.com/kciter/KCFloatingActionButton.git`, tag `4.1.0`)
  - FMDB
  - YouTubePlayer (from `https://github.com/gilesvangruisen/Swift-YouTube-Player.git`, tag `v0.5.0`)

SPEC REPOS:
  trunk:
    - FMDB

EXTERNAL SOURCES:
  Floaty:
    :git: https://github.com/kciter/KCFloatingActionButton.git
    :submodules: true
    :tag: 4.1.0
  YouTubePlayer:
    :git: https://github.com/gilesvangruisen/Swift-YouTube-Player.git
    :submodules: true
    :tag: v0.5.0

CHECKOUT OPTIONS:
  Floaty:
    :git: https://github.com/kciter/KCFloatingActionButton.git
    :submodules: true
    :tag: 4.1.0
  YouTubePlayer:
    :git: https://github.com/gilesvangruisen/Swift-YouTube-Player.git
    :submodules: true
    :tag: v0.5.0

SPEC CHECKSUMS:
  Floaty: 1a4e213f3512cf3045ef9cb0c1ff456226d1f66a
  FMDB: 2ce00b547f966261cd18927a3ddb07cb6f3db82a
  YouTubePlayer: c9581f0405e3240d1549b194bc1134bfc018a51d

PODFILE CHECKSUM: 68086b81ab467523206084af68fd0e68fd2fde07

COCOAPODS: 1.10.1
