// !$*UTF8*$!
{
	archiveVersion = 1;
	classes = {
	};
	objectVersion = 46;
	objects = {

/* Begin PBXBuildFile section */
		3A019F721A47AD8A003455AC /* CellAnimator.swift in Sources */ = {isa = PBXBuildFile; fileRef = 3A019F711A47AD8A003455AC /* CellAnimator.swift */; };
		3A0220321A48FE6B00B433F5 /* settings.png in Resources */ = {isa = PBXBuildFile; fileRef = 3A0220311A48FE6B00B433F5 /* settings.png */; };
		3A0220341A490CAB00B433F5 /* CustomTextSettingService.swift in Sources */ = {isa = PBXBuildFile; fileRef = 3A0220331A490CAB00B433F5 /* CustomTextSettingService.swift */; };
		3A0220361A49194100B433F5 /* RegexMatcher.swift in Sources */ = {isa = PBXBuildFile; fileRef = 3A0220351A49194100B433F5 /* RegexMatcher.swift */; };
		3A0220381A4944B000B433F5 /* SettingViewController.swift in Sources */ = {isa = PBXBuildFile; fileRef = 3A0220371A4944B000B433F5 /* SettingViewController.swift */; };
		3A02203A1A495C6000B433F5 /* FontSettingsViewController.swift in Sources */ = {isa = PBXBuildFile; fileRef = 3A0220391A495C6000B433F5 /* FontSettingsViewController.swift */; };
		3A024F441A43B91F002231BD /* libsqlite3.0.dylib in Frameworks */ = {isa = PBXBuildFile; fileRef = 3A024F431A43B91F002231BD /* libsqlite3.0.dylib */; };
		3A024F481A43B97A002231BD /* Util.swift in Sources */ = {isa = PBXBuildFile; fileRef = 3A024F471A43B97A002231BD /* Util.swift */; };
		3A024F941A43D2BB002231BD /* FMDatabase.m in Sources */ = {isa = PBXBuildFile; fileRef = 3A024F8E1A43D2BB002231BD /* FMDatabase.m */; settings = {COMPILER_FLAGS = "-fno-objc-arc"; }; };
		3A024F951A43D2BB002231BD /* FMDatabaseAdditions.m in Sources */ = {isa = PBXBuildFile; fileRef = 3A024F901A43D2BB002231BD /* FMDatabaseAdditions.m */; settings = {COMPILER_FLAGS = "-fno-objc-arc"; }; };
		3A024F961A43D2BB002231BD /* fmdb.txt in Resources */ = {isa = PBXBuildFile; fileRef = 3A024F911A43D2BB002231BD /* fmdb.txt */; };
		3A024F971A43D2BB002231BD /* FMResultSet.m in Sources */ = {isa = PBXBuildFile; fileRef = 3A024F931A43D2BB002231BD /* FMResultSet.m */; settings = {COMPILER_FLAGS = "-fno-objc-arc"; }; };
		3A024F991A43D7B4002231BD /* DatabaseHelper.swift in Sources */ = {isa = PBXBuildFile; fileRef = 3A024F981A43D7B4002231BD /* DatabaseHelper.swift */; };
		3A038E1C1A563A7E009D4308 /* Default-568h@2x.png in Resources */ = {isa = PBXBuildFile; fileRef = 3A038E111A563A7E009D4308 /* Default-568h@2x.png */; };
		3A038E1D1A563A7E009D4308 /* Default-Landscape-768h in Resources */ = {isa = PBXBuildFile; fileRef = 3A038E121A563A7E009D4308 /* Default-Landscape-768h */; };
		3A038E1E1A563A7E009D4308 /* Default-Landscape-1536h in Resources */ = {isa = PBXBuildFile; fileRef = 3A038E131A563A7E009D4308 /* Default-Landscape-1536h */; };
		3A038E1F1A563A7E009D4308 /* Default-Landscape.png in Resources */ = {isa = PBXBuildFile; fileRef = 3A038E141A563A7E009D4308 /* Default-Landscape.png */; };
		3A038E201A563A7E009D4308 /* Default-Landscape@2x.png in Resources */ = {isa = PBXBuildFile; fileRef = 3A038E151A563A7E009D4308 /* Default-Landscape@2x.png */; };
		3A038E211A563A7E009D4308 /* Default-Portrait-1024h in Resources */ = {isa = PBXBuildFile; fileRef = 3A038E161A563A7E009D4308 /* Default-Portrait-1024h */; };
		3A038E221A563A7E009D4308 /* Default-Portrait-2048h in Resources */ = {isa = PBXBuildFile; fileRef = 3A038E171A563A7E009D4308 /* Default-Portrait-2048h */; };
		3A038E231A563A7E009D4308 /* Default-Portrait.png in Resources */ = {isa = PBXBuildFile; fileRef = 3A038E181A563A7E009D4308 /* Default-Portrait.png */; };
		3A038E241A563A7E009D4308 /* Default-Portrait@2x.png in Resources */ = {isa = PBXBuildFile; fileRef = 3A038E191A563A7E009D4308 /* Default-Portrait@2x.png */; };
		3A038E251A563A7E009D4308 /* Default.png in Resources */ = {isa = PBXBuildFile; fileRef = 3A038E1A1A563A7E009D4308 /* Default.png */; };
		3A038E261A563A7E009D4308 /* Default@2x.png in Resources */ = {isa = PBXBuildFile; fileRef = 3A038E1B1A563A7E009D4308 /* Default@2x.png */; };
		3A038E2A1A5643AE009D4308 /* ProgressView.swift in Sources */ = {isa = PBXBuildFile; fileRef = 3A038E291A5643AE009D4308 /* ProgressView.swift */; };
		3A0430981A425BB600F4F833 /* ViewController.swift in Sources */ = {isa = PBXBuildFile; fileRef = 3A0430971A425BB600F4F833 /* ViewController.swift */; };
		3A043D541A50E44C0099FE53 /* Songs.swift in Sources */ = {isa = PBXBuildFile; fileRef = 3A043D531A50E44C0099FE53 /* Songs.swift */; };
		3A05166D1A414D6100451F4F /* MasterViewController.swift in Sources */ = {isa = PBXBuildFile; fileRef = 3A05166C1A414D6100451F4F /* MasterViewController.swift */; };
		3A0516711A414D9D00451F4F /* AppDelegate.swift in Sources */ = {isa = PBXBuildFile; fileRef = 3A0516701A414D9D00451F4F /* AppDelegate.swift */; };
		3A0745051A53898400BE6356 /* ColorPaletteService.swift in Sources */ = {isa = PBXBuildFile; fileRef = 3A0745041A53898400BE6356 /* ColorPaletteService.swift */; };
		3A0834981A5E09400056293D /* UtilTest.swift in Sources */ = {isa = PBXBuildFile; fileRef = 3A0834971A5E09400056293D /* UtilTest.swift */; };
		3A08349A1A5E0F4C0056293D /* AboutViewController.swift in Sources */ = {isa = PBXBuildFile; fileRef = 3A0834991A5E0F4C0056293D /* AboutViewController.swift */; };
		3A08349F1A5E140F0056293D /* about.html in Resources */ = {isa = PBXBuildFile; fileRef = 3A08349E1A5E140F0056293D /* about.html */; };
		3A0834A01A5E24420056293D /* Util.swift in Sources */ = {isa = PBXBuildFile; fileRef = 3A024F471A43B97A002231BD /* Util.swift */; };
		3A0834A11A5E24FE0056293D /* SettingsDataManager.swift in Sources */ = {isa = PBXBuildFile; fileRef = 3A084D5B1A4D05080097ADA1 /* SettingsDataManager.swift */; };
		3A0834A31A5E26B20056293D /* CustomTextSettingServiceTest.swift in Sources */ = {isa = PBXBuildFile; fileRef = 3A0834A21A5E26B20056293D /* CustomTextSettingServiceTest.swift */; };
		3A0834A41A5E279B0056293D /* CustomTextSettingService.swift in Sources */ = {isa = PBXBuildFile; fileRef = 3A0220331A490CAB00B433F5 /* CustomTextSettingService.swift */; };
		3A0834A51A5E27E30056293D /* RegexMatcher.swift in Sources */ = {isa = PBXBuildFile; fileRef = 3A0220351A49194100B433F5 /* RegexMatcher.swift */; };
		3A0834A71A5E35E20056293D /* TextAttributeService.swift in Sources */ = {isa = PBXBuildFile; fileRef = 3A0834A61A5E35E20056293D /* TextAttributeService.swift */; };
		3A0834A81A5E395C0056293D /* TextAttributeService.swift in Sources */ = {isa = PBXBuildFile; fileRef = 3A0834A61A5E35E20056293D /* TextAttributeService.swift */; };
		3A0834AA1A5E4BFF0056293D /* RegexMatcherTest.swift in Sources */ = {isa = PBXBuildFile; fileRef = 3A0834A91A5E4BFF0056293D /* RegexMatcherTest.swift */; };
		3A0834AC1A5E57130056293D /* ColorPaletteServiceTest.swift in Sources */ = {isa = PBXBuildFile; fileRef = 3A0834AB1A5E57130056293D /* ColorPaletteServiceTest.swift */; };
		3A0834AD1A5E584A0056293D /* ColorPaletteService.swift in Sources */ = {isa = PBXBuildFile; fileRef = 3A0745041A53898400BE6356 /* ColorPaletteService.swift */; };
		3A0834AF1A5E5BE20056293D /* ConnectionServiceTest.swift in Sources */ = {isa = PBXBuildFile; fileRef = 3A0834AE1A5E5BE20056293D /* ConnectionServiceTest.swift */; };
		3A0834B01A5E5CC20056293D /* ConnectionService.swift in Sources */ = {isa = PBXBuildFile; fileRef = 3A2911C81A5A5A7100F1993E /* ConnectionService.swift */; };
		3A084D5C1A4D05080097ADA1 /* SettingsDataManager.swift in Sources */ = {isa = PBXBuildFile; fileRef = 3A084D5B1A4D05080097ADA1 /* SettingsDataManager.swift */; };
		3A084D5E1A4D42F20097ADA1 /* fontsList.plist in Resources */ = {isa = PBXBuildFile; fileRef = 3A084D5D1A4D42F20097ADA1 /* fontsList.plist */; };
		3A08E85A1A5CE0F200964978 /* Settings1.png in Resources */ = {isa = PBXBuildFile; fileRef = 3A08E8591A5CE0F200964978 /* Settings1.png */; };
		3A08E85C1A5CE3E200964978 /* Settings@2x.png in Resources */ = {isa = PBXBuildFile; fileRef = 3A08E85B1A5CE3E200964978 /* Settings@2x.png */; };
		3A08E85E1A5D084800964978 /* SampleViewController.swift in Sources */ = {isa = PBXBuildFile; fileRef = 3A08E85D1A5D084800964978 /* SampleViewController.swift */; };
		3A08E87B1A5D303800964978 /* FMDatabaseAdditions.m in Sources */ = {isa = PBXBuildFile; fileRef = 3A024F901A43D2BB002231BD /* FMDatabaseAdditions.m */; };
		3A08E87C1A5D303B00964978 /* fmdb.txt in Resources */ = {isa = PBXBuildFile; fileRef = 3A024F911A43D2BB002231BD /* fmdb.txt */; };
		3A08E87E1A5D305B00964978 /* libsqlite3.0.dylib in Frameworks */ = {isa = PBXBuildFile; fileRef = 3A024F431A43B91F002231BD /* libsqlite3.0.dylib */; };
		3A08E87F1A5D305E00964978 /* songs.sqlite in Resources */ = {isa = PBXBuildFile; fileRef = 3A2911CA1A5A628A00F1993E /* songs.sqlite */; };
		3A0B838E1A5B893300306744 /* .gitignore in Resources */ = {isa = PBXBuildFile; fileRef = 3A0B838D1A5B893300306744 /* .gitignore */; };
		3A2911C91A5A5A7100F1993E /* ConnectionService.swift in Sources */ = {isa = PBXBuildFile; fileRef = 3A2911C81A5A5A7100F1993E /* ConnectionService.swift */; };
		3A2911CB1A5A628A00F1993E /* songs.sqlite in Resources */ = {isa = PBXBuildFile; fileRef = 3A2911CA1A5A628A00F1993E /* songs.sqlite */; };
		3A88F8911A402C6700193E53 /* worshipsongs.xcdatamodeld in Sources */ = {isa = PBXBuildFile; fileRef = 3A88F88F1A402C6700193E53 /* worshipsongs.xcdatamodeld */; };
		3A88F89A1A402C6700193E53 /* Images.xcassets in Resources */ = {isa = PBXBuildFile; fileRef = 3A88F8991A402C6700193E53 /* Images.xcassets */; };
		3A88F8A91A402C6700193E53 /* worshipsongsTests.swift in Sources */ = {isa = PBXBuildFile; fileRef = 3A88F8A81A402C6700193E53 /* worshipsongsTests.swift */; };
		3AFED06A1A4A72E9005C9032 /* colorPalette.plist in Resources */ = {isa = PBXBuildFile; fileRef = 3AFED0691A4A72E9005C9032 /* colorPalette.plist */; };
		3AFED06E1A4A9D74005C9032 /* ColorSettingsViewController.swift in Sources */ = {isa = PBXBuildFile; fileRef = 3AFED06D1A4A9D74005C9032 /* ColorSettingsViewController.swift */; };
/* End PBXBuildFile section */

/* Begin PBXContainerItemProxy section */
		3A88F8A31A402C6700193E53 /* PBXContainerItemProxy */ = {
			isa = PBXContainerItemProxy;
			containerPortal = 3A88F8801A402C6700193E53 /* Project object */;
			proxyType = 1;
			remoteGlobalIDString = 3A88F8871A402C6700193E53;
			remoteInfo = worshipsongs;
		};
/* End PBXContainerItemProxy section */

/* Begin PBXFileReference section */
		3A019F711A47AD8A003455AC /* CellAnimator.swift */ = {isa = PBXFileReference; fileEncoding = 4; lastKnownFileType = sourcecode.swift; name = CellAnimator.swift; path = Service/CellAnimator.swift; sourceTree = "<group>"; };
		3A0220311A48FE6B00B433F5 /* settings.png */ = {isa = PBXFileReference; lastKnownFileType = image.png; path = settings.png; sourceTree = "<group>"; };
		3A0220331A490CAB00B433F5 /* CustomTextSettingService.swift */ = {isa = PBXFileReference; fileEncoding = 4; lastKnownFileType = sourcecode.swift; name = CustomTextSettingService.swift; path = Service/CustomTextSettingService.swift; sourceTree = "<group>"; };
		3A0220351A49194100B433F5 /* RegexMatcher.swift */ = {isa = PBXFileReference; fileEncoding = 4; lastKnownFileType = sourcecode.swift; name = RegexMatcher.swift; path = Service/RegexMatcher.swift; sourceTree = "<group>"; };
		3A0220371A4944B000B433F5 /* SettingViewController.swift */ = {isa = PBXFileReference; fileEncoding = 4; lastKnownFileType = sourcecode.swift; name = SettingViewController.swift; path = Controllers/SettingViewController.swift; sourceTree = "<group>"; };
		3A0220391A495C6000B433F5 /* FontSettingsViewController.swift */ = {isa = PBXFileReference; fileEncoding = 4; lastKnownFileType = sourcecode.swift; name = FontSettingsViewController.swift; path = Controllers/FontSettingsViewController.swift; sourceTree = "<group>"; };
		3A024F431A43B91F002231BD /* libsqlite3.0.dylib */ = {isa = PBXFileReference; lastKnownFileType = "compiled.mach-o.dylib"; name = libsqlite3.0.dylib; path = usr/lib/libsqlite3.0.dylib; sourceTree = SDKROOT; };
		3A024F471A43B97A002231BD /* Util.swift */ = {isa = PBXFileReference; fileEncoding = 4; lastKnownFileType = sourcecode.swift; name = Util.swift; path = Service/Util.swift; sourceTree = "<group>"; };
		3A024F5C1A43C071002231BD /* Header.h */ = {isa = PBXFileReference; lastKnownFileType = sourcecode.c.h; name = Header.h; path = Header/Header.h; sourceTree = "<group>"; };
		3A024F8D1A43D2BB002231BD /* FMDatabase.h */ = {isa = PBXFileReference; fileEncoding = 4; lastKnownFileType = sourcecode.c.h; path = FMDatabase.h; sourceTree = "<group>"; };
		3A024F8E1A43D2BB002231BD /* FMDatabase.m */ = {isa = PBXFileReference; fileEncoding = 4; lastKnownFileType = sourcecode.c.objc; path = FMDatabase.m; sourceTree = "<group>"; };
		3A024F8F1A43D2BB002231BD /* FMDatabaseAdditions.h */ = {isa = PBXFileReference; fileEncoding = 4; lastKnownFileType = sourcecode.c.h; path = FMDatabaseAdditions.h; sourceTree = "<group>"; };
		3A024F901A43D2BB002231BD /* FMDatabaseAdditions.m */ = {isa = PBXFileReference; fileEncoding = 4; lastKnownFileType = sourcecode.c.objc; path = FMDatabaseAdditions.m; sourceTree = "<group>"; };
		3A024F911A43D2BB002231BD /* fmdb.txt */ = {isa = PBXFileReference; fileEncoding = 4; lastKnownFileType = text; path = fmdb.txt; sourceTree = "<group>"; };
		3A024F921A43D2BB002231BD /* FMResultSet.h */ = {isa = PBXFileReference; fileEncoding = 4; lastKnownFileType = sourcecode.c.h; path = FMResultSet.h; sourceTree = "<group>"; };
		3A024F931A43D2BB002231BD /* FMResultSet.m */ = {isa = PBXFileReference; fileEncoding = 4; lastKnownFileType = sourcecode.c.objc; path = FMResultSet.m; sourceTree = "<group>"; };
		3A024F981A43D7B4002231BD /* DatabaseHelper.swift */ = {isa = PBXFileReference; fileEncoding = 4; lastKnownFileType = sourcecode.swift; name = DatabaseHelper.swift; path = worshipsongs/classes/Service/DatabaseHelper.swift; sourceTree = SOURCE_ROOT; };
		3A038E111A563A7E009D4308 /* Default-568h@2x.png */ = {isa = PBXFileReference; lastKnownFileType = image.png; path = "Default-568h@2x.png"; sourceTree = "<group>"; };
		3A038E121A563A7E009D4308 /* Default-Landscape-768h */ = {isa = PBXFileReference; lastKnownFileType = file; path = "Default-Landscape-768h"; sourceTree = "<group>"; };
		3A038E131A563A7E009D4308 /* Default-Landscape-1536h */ = {isa = PBXFileReference; lastKnownFileType = file; path = "Default-Landscape-1536h"; sourceTree = "<group>"; };
		3A038E141A563A7E009D4308 /* Default-Landscape.png */ = {isa = PBXFileReference; lastKnownFileType = image.png; path = "Default-Landscape.png"; sourceTree = "<group>"; };
		3A038E151A563A7E009D4308 /* Default-Landscape@2x.png */ = {isa = PBXFileReference; lastKnownFileType = image.png; path = "Default-Landscape@2x.png"; sourceTree = "<group>"; };
		3A038E161A563A7E009D4308 /* Default-Portrait-1024h */ = {isa = PBXFileReference; lastKnownFileType = file; path = "Default-Portrait-1024h"; sourceTree = "<group>"; };
		3A038E171A563A7E009D4308 /* Default-Portrait-2048h */ = {isa = PBXFileReference; lastKnownFileType = file; path = "Default-Portrait-2048h"; sourceTree = "<group>"; };
		3A038E181A563A7E009D4308 /* Default-Portrait.png */ = {isa = PBXFileReference; lastKnownFileType = image.png; path = "Default-Portrait.png"; sourceTree = "<group>"; };
		3A038E191A563A7E009D4308 /* Default-Portrait@2x.png */ = {isa = PBXFileReference; lastKnownFileType = image.png; path = "Default-Portrait@2x.png"; sourceTree = "<group>"; };
		3A038E1A1A563A7E009D4308 /* Default.png */ = {isa = PBXFileReference; lastKnownFileType = image.png; path = Default.png; sourceTree = "<group>"; };
		3A038E1B1A563A7E009D4308 /* Default@2x.png */ = {isa = PBXFileReference; lastKnownFileType = image.png; path = "Default@2x.png"; sourceTree = "<group>"; };
		3A038E291A5643AE009D4308 /* ProgressView.swift */ = {isa = PBXFileReference; fileEncoding = 4; lastKnownFileType = sourcecode.swift; path = ProgressView.swift; sourceTree = "<group>"; };
		3A0430971A425BB600F4F833 /* ViewController.swift */ = {isa = PBXFileReference; fileEncoding = 4; lastKnownFileType = sourcecode.swift; name = ViewController.swift; path = Controllers/ViewController.swift; sourceTree = "<group>"; };
		3A043D531A50E44C0099FE53 /* Songs.swift */ = {isa = PBXFileReference; fileEncoding = 4; lastKnownFileType = sourcecode.swift; name = Songs.swift; path = Model/Songs.swift; sourceTree = "<group>"; };
		3A0516651A41350400451F4F /* MyPlayground.playground */ = {isa = PBXFileReference; lastKnownFileType = file.playground; name = MyPlayground.playground; path = PlayGround/MyPlayground.playground; sourceTree = "<group>"; };
		3A05166C1A414D6100451F4F /* MasterViewController.swift */ = {isa = PBXFileReference; fileEncoding = 4; lastKnownFileType = sourcecode.swift; name = MasterViewController.swift; path = Controllers/MasterViewController.swift; sourceTree = "<group>"; };
		3A0516701A414D9D00451F4F /* AppDelegate.swift */ = {isa = PBXFileReference; fileEncoding = 4; lastKnownFileType = sourcecode.swift; name = AppDelegate.swift; path = AppDelegate/AppDelegate.swift; sourceTree = "<group>"; };
		3A0745041A53898400BE6356 /* ColorPaletteService.swift */ = {isa = PBXFileReference; fileEncoding = 4; lastKnownFileType = sourcecode.swift; name = ColorPaletteService.swift; path = Service/ColorPaletteService.swift; sourceTree = "<group>"; };
		3A0834971A5E09400056293D /* UtilTest.swift */ = {isa = PBXFileReference; fileEncoding = 4; lastKnownFileType = sourcecode.swift; path = UtilTest.swift; sourceTree = "<group>"; };
		3A0834991A5E0F4C0056293D /* AboutViewController.swift */ = {isa = PBXFileReference; fileEncoding = 4; lastKnownFileType = sourcecode.swift; path = AboutViewController.swift; sourceTree = "<group>"; };
		3A08349E1A5E140F0056293D /* about.html */ = {isa = PBXFileReference; fileEncoding = 4; lastKnownFileType = text.html; name = about.html; path = html/about.html; sourceTree = "<group>"; };
		3A0834A21A5E26B20056293D /* CustomTextSettingServiceTest.swift */ = {isa = PBXFileReference; fileEncoding = 4; lastKnownFileType = sourcecode.swift; path = CustomTextSettingServiceTest.swift; sourceTree = "<group>"; };
		3A0834A61A5E35E20056293D /* TextAttributeService.swift */ = {isa = PBXFileReference; fileEncoding = 4; lastKnownFileType = sourcecode.swift; path = TextAttributeService.swift; sourceTree = "<group>"; };
		3A0834A91A5E4BFF0056293D /* RegexMatcherTest.swift */ = {isa = PBXFileReference; fileEncoding = 4; lastKnownFileType = sourcecode.swift; path = RegexMatcherTest.swift; sourceTree = "<group>"; };
		3A0834AB1A5E57130056293D /* ColorPaletteServiceTest.swift */ = {isa = PBXFileReference; fileEncoding = 4; lastKnownFileType = sourcecode.swift; path = ColorPaletteServiceTest.swift; sourceTree = "<group>"; };
		3A0834AE1A5E5BE20056293D /* ConnectionServiceTest.swift */ = {isa = PBXFileReference; fileEncoding = 4; lastKnownFileType = sourcecode.swift; path = ConnectionServiceTest.swift; sourceTree = "<group>"; };
		3A084D5B1A4D05080097ADA1 /* SettingsDataManager.swift */ = {isa = PBXFileReference; fileEncoding = 4; lastKnownFileType = sourcecode.swift; name = SettingsDataManager.swift; path = Model/SettingsDataManager.swift; sourceTree = "<group>"; };
		3A084D5D1A4D42F20097ADA1 /* fontsList.plist */ = {isa = PBXFileReference; fileEncoding = 4; lastKnownFileType = text.plist.xml; name = fontsList.plist; path = "Third Party/fontsList.plist"; sourceTree = SOURCE_ROOT; };
		3A08E8591A5CE0F200964978 /* Settings1.png */ = {isa = PBXFileReference; lastKnownFileType = image.png; path = Settings1.png; sourceTree = "<group>"; };
		3A08E85B1A5CE3E200964978 /* Settings@2x.png */ = {isa = PBXFileReference; lastKnownFileType = image.png; path = "Settings@2x.png"; sourceTree = "<group>"; };
		3A08E85D1A5D084800964978 /* SampleViewController.swift */ = {isa = PBXFileReference; fileEncoding = 4; lastKnownFileType = sourcecode.swift; path = SampleViewController.swift; sourceTree = "<group>"; };
		3A0B838D1A5B893300306744 /* .gitignore */ = {isa = PBXFileReference; fileEncoding = 4; lastKnownFileType = text; path = .gitignore; sourceTree = "<group>"; };
		3A2911C81A5A5A7100F1993E /* ConnectionService.swift */ = {isa = PBXFileReference; fileEncoding = 4; lastKnownFileType = sourcecode.swift; name = ConnectionService.swift; path = Service/ConnectionService.swift; sourceTree = "<group>"; };
		3A2911CA1A5A628A00F1993E /* songs.sqlite */ = {isa = PBXFileReference; lastKnownFileType = file; path = songs.sqlite; sourceTree = "<group>"; };
		3A88F8881A402C6700193E53 /* worshipsongs.app */ = {isa = PBXFileReference; explicitFileType = wrapper.application; includeInIndex = 0; path = worshipsongs.app; sourceTree = BUILT_PRODUCTS_DIR; };
		3A88F88C1A402C6700193E53 /* Info.plist */ = {isa = PBXFileReference; lastKnownFileType = text.plist.xml; path = Info.plist; sourceTree = "<group>"; };
		3A88F8901A402C6700193E53 /* worshipsongs.xcdatamodel */ = {isa = PBXFileReference; lastKnownFileType = wrapper.xcdatamodel; path = worshipsongs.xcdatamodel; sourceTree = "<group>"; };
		3A88F8991A402C6700193E53 /* Images.xcassets */ = {isa = PBXFileReference; lastKnownFileType = folder.assetcatalog; path = Images.xcassets; sourceTree = "<group>"; };
		3A88F8A21A402C6700193E53 /* worshipsongsTests.xctest */ = {isa = PBXFileReference; explicitFileType = wrapper.cfbundle; includeInIndex = 0; path = worshipsongsTests.xctest; sourceTree = BUILT_PRODUCTS_DIR; };
		3A88F8A71A402C6700193E53 /* Info.plist */ = {isa = PBXFileReference; lastKnownFileType = text.plist.xml; path = Info.plist; sourceTree = "<group>"; };
		3A88F8A81A402C6700193E53 /* worshipsongsTests.swift */ = {isa = PBXFileReference; lastKnownFileType = sourcecode.swift; path = worshipsongsTests.swift; sourceTree = "<group>"; };
		3AFED0691A4A72E9005C9032 /* colorPalette.plist */ = {isa = PBXFileReference; fileEncoding = 4; lastKnownFileType = text.plist.xml; name = colorPalette.plist; path = "../Third party/colorPalette.plist"; sourceTree = "<group>"; };
		3AFED06D1A4A9D74005C9032 /* ColorSettingsViewController.swift */ = {isa = PBXFileReference; fileEncoding = 4; lastKnownFileType = sourcecode.swift; name = ColorSettingsViewController.swift; path = Controllers/ColorSettingsViewController.swift; sourceTree = "<group>"; };
/* End PBXFileReference section */

/* Begin PBXFrameworksBuildPhase section */
		3A88F8851A402C6700193E53 /* Frameworks */ = {
			isa = PBXFrameworksBuildPhase;
			buildActionMask = 2147483647;
			files = (
				3A024F441A43B91F002231BD /* libsqlite3.0.dylib in Frameworks */,
			);
			runOnlyForDeploymentPostprocessing = 0;
		};
		3A88F89F1A402C6700193E53 /* Frameworks */ = {
			isa = PBXFrameworksBuildPhase;
			buildActionMask = 2147483647;
			files = (
				3A08E87E1A5D305B00964978 /* libsqlite3.0.dylib in Frameworks */,
			);
			runOnlyForDeploymentPostprocessing = 0;
		};
/* End PBXFrameworksBuildPhase section */

/* Begin PBXGroup section */
		3A024F421A43B90D002231BD /* Framework */ = {
			isa = PBXGroup;
			children = (
				3A024F431A43B91F002231BD /* libsqlite3.0.dylib */,
			);
			name = Framework;
			sourceTree = "<group>";
		};
		3A024F461A43B964002231BD /* Service */ = {
			isa = PBXGroup;
			children = (
				3A038E291A5643AE009D4308 /* ProgressView.swift */,
				3A024F981A43D7B4002231BD /* DatabaseHelper.swift */,
				3A024F471A43B97A002231BD /* Util.swift */,
				3A019F711A47AD8A003455AC /* CellAnimator.swift */,
				3A0220331A490CAB00B433F5 /* CustomTextSettingService.swift */,
				3A0220351A49194100B433F5 /* RegexMatcher.swift */,
				3A0745041A53898400BE6356 /* ColorPaletteService.swift */,
				3A2911C81A5A5A7100F1993E /* ConnectionService.swift */,
				3A0834A61A5E35E20056293D /* TextAttributeService.swift */,
			);
			name = Service;
			sourceTree = "<group>";
		};
		3A024F491A43BAF8002231BD /* Header */ = {
			isa = PBXGroup;
			children = (
				3A024F5C1A43C071002231BD /* Header.h */,
			);
			name = Header;
			sourceTree = "<group>";
		};
		3A024F4D1A43BC2B002231BD /* Third Party */ = {
			isa = PBXGroup;
			children = (
				3A024F8C1A43D259002231BD /* FMDB */,
			);
			name = "Third Party";
			path = "Third party";
			sourceTree = "<group>";
		};
		3A024F8C1A43D259002231BD /* FMDB */ = {
			isa = PBXGroup;
			children = (
				3A024F8D1A43D2BB002231BD /* FMDatabase.h */,
				3A024F8E1A43D2BB002231BD /* FMDatabase.m */,
				3A024F8F1A43D2BB002231BD /* FMDatabaseAdditions.h */,
				3A024F901A43D2BB002231BD /* FMDatabaseAdditions.m */,
				3A024F911A43D2BB002231BD /* fmdb.txt */,
				3A024F921A43D2BB002231BD /* FMResultSet.h */,
				3A024F931A43D2BB002231BD /* FMResultSet.m */,
			);
			name = FMDB;
			path = "../Third Party/FMDB";
			sourceTree = "<group>";
		};
		3A04309D1A42AE2000F4F833 /* Resources */ = {
			isa = PBXGroup;
			children = (
				3A2911CA1A5A628A00F1993E /* songs.sqlite */,
			);
			path = Resources;
			sourceTree = "<group>";
		};
		3A05165D1A41085300451F4F /* classes */ = {
			isa = PBXGroup;
			children = (
				3A024F491A43BAF8002231BD /* Header */,
				3A024F461A43B964002231BD /* Service */,
				3A0516631A41337B00451F4F /* PlayGround */,
				3A0516601A4108CA00451F4F /* Model */,
				3A05165F1A4108A200451F4F /* Controllers */,
				3A05165E1A41087100451F4F /* AppDelegate */,
			);
			path = classes;
			sourceTree = "<group>";
		};
		3A05165E1A41087100451F4F /* AppDelegate */ = {
			isa = PBXGroup;
			children = (
				3A0516701A414D9D00451F4F /* AppDelegate.swift */,
			);
			name = AppDelegate;
			sourceTree = "<group>";
		};
		3A05165F1A4108A200451F4F /* Controllers */ = {
			isa = PBXGroup;
			children = (
				3A05166C1A414D6100451F4F /* MasterViewController.swift */,
				3A0430971A425BB600F4F833 /* ViewController.swift */,
				3A0220371A4944B000B433F5 /* SettingViewController.swift */,
				3A0220391A495C6000B433F5 /* FontSettingsViewController.swift */,
				3AFED06D1A4A9D74005C9032 /* ColorSettingsViewController.swift */,
				3A08E85D1A5D084800964978 /* SampleViewController.swift */,
				3A0834991A5E0F4C0056293D /* AboutViewController.swift */,
			);
			name = Controllers;
			sourceTree = "<group>";
		};
		3A0516601A4108CA00451F4F /* Model */ = {
			isa = PBXGroup;
			children = (
				3A084D5B1A4D05080097ADA1 /* SettingsDataManager.swift */,
				3A043D531A50E44C0099FE53 /* Songs.swift */,
			);
			name = Model;
			sourceTree = "<group>";
		};
		3A0516631A41337B00451F4F /* PlayGround */ = {
			isa = PBXGroup;
			children = (
				3A0516651A41350400451F4F /* MyPlayground.playground */,
			);
			name = PlayGround;
			sourceTree = "<group>";
		};
		3A0834961A5E08BE0056293D /* Service */ = {
			isa = PBXGroup;
			children = (
				3A0834971A5E09400056293D /* UtilTest.swift */,
				3A0834A21A5E26B20056293D /* CustomTextSettingServiceTest.swift */,
				3A0834A91A5E4BFF0056293D /* RegexMatcherTest.swift */,
				3A0834AB1A5E57130056293D /* ColorPaletteServiceTest.swift */,
				3A0834AE1A5E5BE20056293D /* ConnectionServiceTest.swift */,
			);
			path = Service;
			sourceTree = "<group>";
		};
		3A08349C1A5E10890056293D /* images */ = {
			isa = PBXGroup;
			children = (
				3A038E1A1A563A7E009D4308 /* Default.png */,
				3A038E191A563A7E009D4308 /* Default-Portrait@2x.png */,
				3A038E181A563A7E009D4308 /* Default-Portrait.png */,
				3A038E171A563A7E009D4308 /* Default-Portrait-2048h */,
				3A038E161A563A7E009D4308 /* Default-Portrait-1024h */,
				3A038E151A563A7E009D4308 /* Default-Landscape@2x.png */,
				3A038E141A563A7E009D4308 /* Default-Landscape.png */,
				3A038E131A563A7E009D4308 /* Default-Landscape-1536h */,
				3A038E121A563A7E009D4308 /* Default-Landscape-768h */,
				3A038E111A563A7E009D4308 /* Default-568h@2x.png */,
				3A08E8591A5CE0F200964978 /* Settings1.png */,
				3A08E85B1A5CE3E200964978 /* Settings@2x.png */,
				3A038E1B1A563A7E009D4308 /* Default@2x.png */,
				3A0220311A48FE6B00B433F5 /* settings.png */,
			);
			path = images;
			sourceTree = "<group>";
		};
		3A08349D1A5E10AF0056293D /* html */ = {
			isa = PBXGroup;
			children = (
				3A08349E1A5E140F0056293D /* about.html */,
			);
			name = html;
			sourceTree = "<group>";
		};
		3A88F87F1A402C6700193E53 = {
			isa = PBXGroup;
			children = (
				3A0B838D1A5B893300306744 /* .gitignore */,
				3A024F4D1A43BC2B002231BD /* Third Party */,
				3A024F421A43B90D002231BD /* Framework */,
				3A04309D1A42AE2000F4F833 /* Resources */,
				3A88F88A1A402C6700193E53 /* worshipsongs */,
				3A88F8A51A402C6700193E53 /* worshipsongsTests */,
				3A88F8891A402C6700193E53 /* Products */,
			);
			sourceTree = "<group>";
		};
		3A88F8891A402C6700193E53 /* Products */ = {
			isa = PBXGroup;
			children = (
				3A88F8881A402C6700193E53 /* worshipsongs.app */,
				3A88F8A21A402C6700193E53 /* worshipsongsTests.xctest */,
			);
			name = Products;
			sourceTree = "<group>";
		};
		3A88F88A1A402C6700193E53 /* worshipsongs */ = {
			isa = PBXGroup;
			children = (
				3AC876C01A48128A002D1BFF /* asset */,
				3A05165D1A41085300451F4F /* classes */,
				3A88F8991A402C6700193E53 /* Images.xcassets */,
				3A88F88F1A402C6700193E53 /* worshipsongs.xcdatamodeld */,
				3A88F88B1A402C6700193E53 /* Supporting Files */,
			);
			path = worshipsongs;
			sourceTree = "<group>";
		};
		3A88F88B1A402C6700193E53 /* Supporting Files */ = {
			isa = PBXGroup;
			children = (
				3A084D5D1A4D42F20097ADA1 /* fontsList.plist */,
				3AFED0691A4A72E9005C9032 /* colorPalette.plist */,
				3A88F88C1A402C6700193E53 /* Info.plist */,
			);
			name = "Supporting Files";
			sourceTree = "<group>";
		};
		3A88F8A51A402C6700193E53 /* worshipsongsTests */ = {
			isa = PBXGroup;
			children = (
				3A0834961A5E08BE0056293D /* Service */,
				3A88F8A81A402C6700193E53 /* worshipsongsTests.swift */,
				3A88F8A61A402C6700193E53 /* Supporting Files */,
			);
			path = worshipsongsTests;
			sourceTree = "<group>";
		};
		3A88F8A61A402C6700193E53 /* Supporting Files */ = {
			isa = PBXGroup;
			children = (
				3A88F8A71A402C6700193E53 /* Info.plist */,
			);
			name = "Supporting Files";
			sourceTree = "<group>";
		};
		3AC876C01A48128A002D1BFF /* asset */ = {
			isa = PBXGroup;
			children = (
				3A08349D1A5E10AF0056293D /* html */,
				3A08349C1A5E10890056293D /* images */,
			);
			path = asset;
			sourceTree = "<group>";
		};
/* End PBXGroup section */

/* Begin PBXNativeTarget section */
		3A88F8871A402C6700193E53 /* worshipsongs */ = {
			isa = PBXNativeTarget;
			buildConfigurationList = 3A88F8AC1A402C6700193E53 /* Build configuration list for PBXNativeTarget "worshipsongs" */;
			buildPhases = (
				3A88F8841A402C6700193E53 /* Sources */,
				3A88F8851A402C6700193E53 /* Frameworks */,
				3A88F8861A402C6700193E53 /* Resources */,
			);
			buildRules = (
			);
			dependencies = (
			);
			name = worshipsongs;
			productName = worshipsongs;
			productReference = 3A88F8881A402C6700193E53 /* worshipsongs.app */;
			productType = "com.apple.product-type.application";
		};
		3A88F8A11A402C6700193E53 /* worshipsongsTests */ = {
			isa = PBXNativeTarget;
			buildConfigurationList = 3A88F8AF1A402C6700193E53 /* Build configuration list for PBXNativeTarget "worshipsongsTests" */;
			buildPhases = (
				3A88F89E1A402C6700193E53 /* Sources */,
				3A88F89F1A402C6700193E53 /* Frameworks */,
				3A88F8A01A402C6700193E53 /* Resources */,
			);
			buildRules = (
			);
			dependencies = (
				3A88F8A41A402C6700193E53 /* PBXTargetDependency */,
			);
			name = worshipsongsTests;
			productName = worshipsongsTests;
			productReference = 3A88F8A21A402C6700193E53 /* worshipsongsTests.xctest */;
			productType = "com.apple.product-type.bundle.unit-test";
		};
/* End PBXNativeTarget section */

/* Begin PBXProject section */
		3A88F8801A402C6700193E53 /* Project object */ = {
			isa = PBXProject;
			attributes = {
				LastUpgradeCheck = 0620;
				ORGANIZATIONNAME = "Seenivasan Sankaran";
				TargetAttributes = {
					3A88F8871A402C6700193E53 = {
						CreatedOnToolsVersion = 6.2;
					};
					3A88F8A11A402C6700193E53 = {
						CreatedOnToolsVersion = 6.2;
						TestTargetID = 3A88F8871A402C6700193E53;
					};
				};
			};
			buildConfigurationList = 3A88F8831A402C6700193E53 /* Build configuration list for PBXProject "worshipsongs" */;
			compatibilityVersion = "Xcode 3.2";
			developmentRegion = English;
			hasScannedForEncodings = 0;
			knownRegions = (
				en,
				Base,
			);
			mainGroup = 3A88F87F1A402C6700193E53;
			productRefGroup = 3A88F8891A402C6700193E53 /* Products */;
			projectDirPath = "";
			projectRoot = "";
			targets = (
				3A88F8871A402C6700193E53 /* worshipsongs */,
				3A88F8A11A402C6700193E53 /* worshipsongsTests */,
			);
		};
/* End PBXProject section */

/* Begin PBXResourcesBuildPhase section */
		3A88F8861A402C6700193E53 /* Resources */ = {
			isa = PBXResourcesBuildPhase;
			buildActionMask = 2147483647;
			files = (
				3A0220321A48FE6B00B433F5 /* settings.png in Resources */,
				3A024F961A43D2BB002231BD /* fmdb.txt in Resources */,
				3A038E251A563A7E009D4308 /* Default.png in Resources */,
				3A038E1F1A563A7E009D4308 /* Default-Landscape.png in Resources */,
				3A084D5E1A4D42F20097ADA1 /* fontsList.plist in Resources */,
				3A08E85A1A5CE0F200964978 /* Settings1.png in Resources */,
				3A038E211A563A7E009D4308 /* Default-Portrait-1024h in Resources */,
				3A038E231A563A7E009D4308 /* Default-Portrait.png in Resources */,
				3AFED06A1A4A72E9005C9032 /* colorPalette.plist in Resources */,
				3A038E261A563A7E009D4308 /* Default@2x.png in Resources */,
				3A038E1D1A563A7E009D4308 /* Default-Landscape-768h in Resources */,
				3A038E1C1A563A7E009D4308 /* Default-568h@2x.png in Resources */,
				3A88F89A1A402C6700193E53 /* Images.xcassets in Resources */,
				3A038E1E1A563A7E009D4308 /* Default-Landscape-1536h in Resources */,
				3A038E241A563A7E009D4308 /* Default-Portrait@2x.png in Resources */,
				3A2911CB1A5A628A00F1993E /* songs.sqlite in Resources */,
				3A038E221A563A7E009D4308 /* Default-Portrait-2048h in Resources */,
				3A08E85C1A5CE3E200964978 /* Settings@2x.png in Resources */,
				3A08349F1A5E140F0056293D /* about.html in Resources */,
				3A0B838E1A5B893300306744 /* .gitignore in Resources */,
				3A038E201A563A7E009D4308 /* Default-Landscape@2x.png in Resources */,
			);
			runOnlyForDeploymentPostprocessing = 0;
		};
		3A88F8A01A402C6700193E53 /* Resources */ = {
			isa = PBXResourcesBuildPhase;
			buildActionMask = 2147483647;
			files = (
				3A08E87F1A5D305E00964978 /* songs.sqlite in Resources */,
				3A08E87C1A5D303B00964978 /* fmdb.txt in Resources */,
			);
			runOnlyForDeploymentPostprocessing = 0;
		};
/* End PBXResourcesBuildPhase section */

/* Begin PBXSourcesBuildPhase section */
		3A88F8841A402C6700193E53 /* Sources */ = {
			isa = PBXSourcesBuildPhase;
			buildActionMask = 2147483647;
			files = (
				3A0430981A425BB600F4F833 /* ViewController.swift in Sources */,
				3A024F481A43B97A002231BD /* Util.swift in Sources */,
				3A08349A1A5E0F4C0056293D /* AboutViewController.swift in Sources */,
				3A05166D1A414D6100451F4F /* MasterViewController.swift in Sources */,
				3A043D541A50E44C0099FE53 /* Songs.swift in Sources */,
				3A0220381A4944B000B433F5 /* SettingViewController.swift in Sources */,
				3A024F941A43D2BB002231BD /* FMDatabase.m in Sources */,
				3A019F721A47AD8A003455AC /* CellAnimator.swift in Sources */,
				3A2911C91A5A5A7100F1993E /* ConnectionService.swift in Sources */,
				3A0516711A414D9D00451F4F /* AppDelegate.swift in Sources */,
				3AFED06E1A4A9D74005C9032 /* ColorSettingsViewController.swift in Sources */,
				3A024F991A43D7B4002231BD /* DatabaseHelper.swift in Sources */,
				3A02203A1A495C6000B433F5 /* FontSettingsViewController.swift in Sources */,
				3A024F971A43D2BB002231BD /* FMResultSet.m in Sources */,
				3A88F8911A402C6700193E53 /* worshipsongs.xcdatamodeld in Sources */,
				3A0220361A49194100B433F5 /* RegexMatcher.swift in Sources */,
				3A024F951A43D2BB002231BD /* FMDatabaseAdditions.m in Sources */,
				3A084D5C1A4D05080097ADA1 /* SettingsDataManager.swift in Sources */,
				3A038E2A1A5643AE009D4308 /* ProgressView.swift in Sources */,
				3A0745051A53898400BE6356 /* ColorPaletteService.swift in Sources */,
				3A0220341A490CAB00B433F5 /* CustomTextSettingService.swift in Sources */,
				3A08E85E1A5D084800964978 /* SampleViewController.swift in Sources */,
				3A0834A71A5E35E20056293D /* TextAttributeService.swift in Sources */,
			);
			runOnlyForDeploymentPostprocessing = 0;
		};
		3A88F89E1A402C6700193E53 /* Sources */ = {
			isa = PBXSourcesBuildPhase;
			buildActionMask = 2147483647;
			files = (
				3A0834A31A5E26B20056293D /* CustomTextSettingServiceTest.swift in Sources */,
				3A88F8A91A402C6700193E53 /* worshipsongsTests.swift in Sources */,
				3A08E87B1A5D303800964978 /* FMDatabaseAdditions.m in Sources */,
				3A0834981A5E09400056293D /* UtilTest.swift in Sources */,
				3A0834AA1A5E4BFF0056293D /* RegexMatcherTest.swift in Sources */,
				3A0834A81A5E395C0056293D /* TextAttributeService.swift in Sources */,
				3A0834A51A5E27E30056293D /* RegexMatcher.swift in Sources */,
				3A0834B01A5E5CC20056293D /* ConnectionService.swift in Sources */,
				3A0834A11A5E24FE0056293D /* SettingsDataManager.swift in Sources */,
				3A0834AF1A5E5BE20056293D /* ConnectionServiceTest.swift in Sources */,
				3A0834A01A5E24420056293D /* Util.swift in Sources */,
				3A0834AC1A5E57130056293D /* ColorPaletteServiceTest.swift in Sources */,
				3A0834A41A5E279B0056293D /* CustomTextSettingService.swift in Sources */,
				3A0834AD1A5E584A0056293D /* ColorPaletteService.swift in Sources */,
			);
			runOnlyForDeploymentPostprocessing = 0;
		};
/* End PBXSourcesBuildPhase section */

/* Begin PBXTargetDependency section */
		3A88F8A41A402C6700193E53 /* PBXTargetDependency */ = {
			isa = PBXTargetDependency;
			target = 3A88F8871A402C6700193E53 /* worshipsongs */;
			targetProxy = 3A88F8A31A402C6700193E53 /* PBXContainerItemProxy */;
		};
/* End PBXTargetDependency section */

/* Begin XCBuildConfiguration section */
		3A88F8AA1A402C6700193E53 /* Debug */ = {
			isa = XCBuildConfiguration;
			buildSettings = {
				ALWAYS_SEARCH_USER_PATHS = NO;
				CLANG_CXX_LANGUAGE_STANDARD = "gnu++0x";
				CLANG_CXX_LIBRARY = "libc++";
				CLANG_ENABLE_MODULES = YES;
				CLANG_ENABLE_OBJC_ARC = YES;
				CLANG_WARN_BOOL_CONVERSION = YES;
				CLANG_WARN_CONSTANT_CONVERSION = YES;
				CLANG_WARN_DIRECT_OBJC_ISA_USAGE = YES_ERROR;
				CLANG_WARN_EMPTY_BODY = YES;
				CLANG_WARN_ENUM_CONVERSION = YES;
				CLANG_WARN_INT_CONVERSION = YES;
				CLANG_WARN_OBJC_ROOT_CLASS = YES_ERROR;
				CLANG_WARN_UNREACHABLE_CODE = YES;
				CLANG_WARN__DUPLICATE_METHOD_MATCH = YES;
				"CODE_SIGN_IDENTITY[sdk=iphoneos*]" = "iPhone Developer";
				COPY_PHASE_STRIP = NO;
				ENABLE_STRICT_OBJC_MSGSEND = YES;
				GCC_C_LANGUAGE_STANDARD = gnu99;
				GCC_DYNAMIC_NO_PIC = NO;
				GCC_OPTIMIZATION_LEVEL = 0;
				GCC_PREPROCESSOR_DEFINITIONS = (
					"DEBUG=1",
					"$(inherited)",
				);
				GCC_SYMBOLS_PRIVATE_EXTERN = NO;
				GCC_WARN_64_TO_32_BIT_CONVERSION = YES;
				GCC_WARN_ABOUT_RETURN_TYPE = YES_ERROR;
				GCC_WARN_UNDECLARED_SELECTOR = YES;
				GCC_WARN_UNINITIALIZED_AUTOS = YES_AGGRESSIVE;
				GCC_WARN_UNUSED_FUNCTION = YES;
				GCC_WARN_UNUSED_VARIABLE = YES;
				IPHONEOS_DEPLOYMENT_TARGET = 8.2;
				MTL_ENABLE_DEBUG_INFO = YES;
				ONLY_ACTIVE_ARCH = YES;
				SDKROOT = iphoneos;
				SWIFT_OPTIMIZATION_LEVEL = "-Onone";
				TARGETED_DEVICE_FAMILY = "1,2";
			};
			name = Debug;
		};
		3A88F8AB1A402C6700193E53 /* Release */ = {
			isa = XCBuildConfiguration;
			buildSettings = {
				ALWAYS_SEARCH_USER_PATHS = NO;
				CLANG_CXX_LANGUAGE_STANDARD = "gnu++0x";
				CLANG_CXX_LIBRARY = "libc++";
				CLANG_ENABLE_MODULES = YES;
				CLANG_ENABLE_OBJC_ARC = YES;
				CLANG_WARN_BOOL_CONVERSION = YES;
				CLANG_WARN_CONSTANT_CONVERSION = YES;
				CLANG_WARN_DIRECT_OBJC_ISA_USAGE = YES_ERROR;
				CLANG_WARN_EMPTY_BODY = YES;
				CLANG_WARN_ENUM_CONVERSION = YES;
				CLANG_WARN_INT_CONVERSION = YES;
				CLANG_WARN_OBJC_ROOT_CLASS = YES_ERROR;
				CLANG_WARN_UNREACHABLE_CODE = YES;
				CLANG_WARN__DUPLICATE_METHOD_MATCH = YES;
				"CODE_SIGN_IDENTITY[sdk=iphoneos*]" = "iPhone Developer";
				COPY_PHASE_STRIP = YES;
				ENABLE_NS_ASSERTIONS = NO;
				ENABLE_STRICT_OBJC_MSGSEND = YES;
				GCC_C_LANGUAGE_STANDARD = gnu99;
				GCC_WARN_64_TO_32_BIT_CONVERSION = YES;
				GCC_WARN_ABOUT_RETURN_TYPE = YES_ERROR;
				GCC_WARN_UNDECLARED_SELECTOR = YES;
				GCC_WARN_UNINITIALIZED_AUTOS = YES_AGGRESSIVE;
				GCC_WARN_UNUSED_FUNCTION = YES;
				GCC_WARN_UNUSED_VARIABLE = YES;
				IPHONEOS_DEPLOYMENT_TARGET = 8.2;
				MTL_ENABLE_DEBUG_INFO = NO;
				SDKROOT = iphoneos;
				TARGETED_DEVICE_FAMILY = "1,2";
				VALIDATE_PRODUCT = YES;
			};
			name = Release;
		};
		3A88F8AD1A402C6700193E53 /* Debug */ = {
			isa = XCBuildConfiguration;
			buildSettings = {
				ASSETCATALOG_COMPILER_APPICON_NAME = AppIcon;
				ASSETCATALOG_COMPILER_LAUNCHIMAGE_NAME = LaunchImage;
				INFOPLIST_FILE = worshipsongs/Info.plist;
				IPHONEOS_DEPLOYMENT_TARGET = 7.0;
				LD_RUNPATH_SEARCH_PATHS = "$(inherited) @executable_path/Frameworks";
				LIBRARY_SEARCH_PATHS = (
					"$(inherited)",
					"$(PROJECT_DIR)",
				);
				New_Setting = "";
				PRODUCT_NAME = "$(TARGET_NAME)";
				SWIFT_OBJC_BRIDGING_HEADER = worshipsongs/classes/Header/Header.h;
				TARGETED_DEVICE_FAMILY = "1,2";
			};
			name = Debug;
		};
		3A88F8AE1A402C6700193E53 /* Release */ = {
			isa = XCBuildConfiguration;
			buildSettings = {
				ASSETCATALOG_COMPILER_APPICON_NAME = AppIcon;
				ASSETCATALOG_COMPILER_LAUNCHIMAGE_NAME = LaunchImage;
				INFOPLIST_FILE = worshipsongs/Info.plist;
				IPHONEOS_DEPLOYMENT_TARGET = 7.0;
				LD_RUNPATH_SEARCH_PATHS = "$(inherited) @executable_path/Frameworks";
				LIBRARY_SEARCH_PATHS = (
					"$(inherited)",
					"$(PROJECT_DIR)",
				);
				New_Setting = "";
				PRODUCT_NAME = "$(TARGET_NAME)";
				SWIFT_OBJC_BRIDGING_HEADER = worshipsongs/classes/Header/Header.h;
				TARGETED_DEVICE_FAMILY = "1,2";
			};
			name = Release;
		};
		3A88F8B01A402C6700193E53 /* Debug */ = {
			isa = XCBuildConfiguration;
			buildSettings = {
				BUNDLE_LOADER = "$(TEST_HOST)";
				FRAMEWORK_SEARCH_PATHS = (
					"$(SDKROOT)/Developer/Library/Frameworks",
					"$(inherited)",
				);
				GCC_PREPROCESSOR_DEFINITIONS = (
					"DEBUG=1",
					"$(inherited)",
				);
				INFOPLIST_FILE = worshipsongsTests/Info.plist;
				LD_RUNPATH_SEARCH_PATHS = "$(inherited) @executable_path/Frameworks @loader_path/Frameworks";
				PRODUCT_NAME = "$(TARGET_NAME)";
				TEST_HOST = "$(BUILT_PRODUCTS_DIR)/worshipsongs.app/worshipsongs";
			};
			name = Debug;
		};
		3A88F8B11A402C6700193E53 /* Release */ = {
			isa = XCBuildConfiguration;
			buildSettings = {
				BUNDLE_LOADER = "$(TEST_HOST)";
				FRAMEWORK_SEARCH_PATHS = (
					"$(SDKROOT)/Developer/Library/Frameworks",
					"$(inherited)",
				);
				INFOPLIST_FILE = worshipsongsTests/Info.plist;
				LD_RUNPATH_SEARCH_PATHS = "$(inherited) @executable_path/Frameworks @loader_path/Frameworks";
				PRODUCT_NAME = "$(TARGET_NAME)";
				TEST_HOST = "$(BUILT_PRODUCTS_DIR)/worshipsongs.app/worshipsongs";
			};
			name = Release;
		};
/* End XCBuildConfiguration section */

/* Begin XCConfigurationList section */
		3A88F8831A402C6700193E53 /* Build configuration list for PBXProject "worshipsongs" */ = {
			isa = XCConfigurationList;
			buildConfigurations = (
				3A88F8AA1A402C6700193E53 /* Debug */,
				3A88F8AB1A402C6700193E53 /* Release */,
			);
			defaultConfigurationIsVisible = 0;
			defaultConfigurationName = Release;
		};
		3A88F8AC1A402C6700193E53 /* Build configuration list for PBXNativeTarget "worshipsongs" */ = {
			isa = XCConfigurationList;
			buildConfigurations = (
				3A88F8AD1A402C6700193E53 /* Debug */,
				3A88F8AE1A402C6700193E53 /* Release */,
			);
			defaultConfigurationIsVisible = 0;
			defaultConfigurationName = Release;
		};
		3A88F8AF1A402C6700193E53 /* Build configuration list for PBXNativeTarget "worshipsongsTests" */ = {
			isa = XCConfigurationList;
			buildConfigurations = (
				3A88F8B01A402C6700193E53 /* Debug */,
				3A88F8B11A402C6700193E53 /* Release */,
			);
			defaultConfigurationIsVisible = 0;
			defaultConfigurationName = Release;
		};
/* End XCConfigurationList section */

/* Begin XCVersionGroup section */
		3A88F88F1A402C6700193E53 /* worshipsongs.xcdatamodeld */ = {
			isa = XCVersionGroup;
			children = (
				3A88F8901A402C6700193E53 /* worshipsongs.xcdatamodel */,
			);
			currentVersion = 3A88F8901A402C6700193E53 /* worshipsongs.xcdatamodel */;
			path = worshipsongs.xcdatamodeld;
			sourceTree = "<group>";
			versionGroupType = wrapper.xcdatamodel;
		};
/* End XCVersionGroup section */
	};
	rootObject = 3A88F8801A402C6700193E53 /* Project object */;
}
