// !$*UTF8*$!
{
	archiveVersion = 1;
	classes = {
	};
	objectVersion = 46;
	objects = {

/* Begin PBXBuildFile section */
		2F56417D1BCB3A9700064269 /* SongsTableViewController.swift in Sources */ = {isa = PBXBuildFile; fileRef = 2F56417C1BCB3A9700064269 /* SongsTableViewController.swift */; };
		2F5A6A7F1C15624B001E8B93 /* SongsTabBarViewController.swift in Sources */ = {isa = PBXBuildFile; fileRef = 2F5A6A7E1C15624B001E8B93 /* SongsTabBarViewController.swift */; };
		2F5D3D1E1BC788F8001C4B6F /* AppDelegate.swift in Sources */ = {isa = PBXBuildFile; fileRef = 2F5D3D1D1BC788F8001C4B6F /* AppDelegate.swift */; };
		2F5D3D251BC788F8001C4B6F /* Main.storyboard in Resources */ = {isa = PBXBuildFile; fileRef = 2F5D3D231BC788F8001C4B6F /* Main.storyboard */; };
		2F5D3D2A1BC788F8001C4B6F /* LaunchScreen.storyboard in Resources */ = {isa = PBXBuildFile; fileRef = 2F5D3D281BC788F8001C4B6F /* LaunchScreen.storyboard */; };
		2F5D3D351BC788F8001C4B6F /* worshipsongsTests.swift in Sources */ = {isa = PBXBuildFile; fileRef = 2F5D3D341BC788F8001C4B6F /* worshipsongsTests.swift */; };
		2F5D3D401BC788F8001C4B6F /* worshipsongsUITests.swift in Sources */ = {isa = PBXBuildFile; fileRef = 2F5D3D3F1BC788F8001C4B6F /* worshipsongsUITests.swift */; };
		2F5D3D561BC78D51001C4B6F /* Songs.swift in Sources */ = {isa = PBXBuildFile; fileRef = 2F5D3D551BC78D51001C4B6F /* Songs.swift */; };
		2F5D3D5A1BC78DB8001C4B6F /* DatabaseHelper.swift in Sources */ = {isa = PBXBuildFile; fileRef = 2F5D3D591BC78DB8001C4B6F /* DatabaseHelper.swift */; };
		2F5D3D5C1BC7A216001C4B6F /* CommonService.swift in Sources */ = {isa = PBXBuildFile; fileRef = 2F5D3D5B1BC7A216001C4B6F /* CommonService.swift */; };
		2F5D3D681BC7BB46001C4B6F /* songs.sqlite in Resources */ = {isa = PBXBuildFile; fileRef = 2F5D3D671BC7BB46001C4B6F /* songs.sqlite */; };
		2FC217A61D6E8F5700AD419F /* StringUtils.swift in Sources */ = {isa = PBXBuildFile; fileRef = 2F5D3D621BC7AD5E001C4B6F /* StringUtils.swift */; };
		2FCEFC901D6C42CD008A2180 /* Assets.xcassets in Resources */ = {isa = PBXBuildFile; fileRef = 2F5D3D261BC788F8001C4B6F /* Assets.xcassets */; };
		2FD589931C165FC400668951 /* ArtistsTableViewController.swift in Sources */ = {isa = PBXBuildFile; fileRef = 2FD589921C165FC300668951 /* ArtistsTableViewController.swift */; };
		2FD589951C1660A300668951 /* Author.swift in Sources */ = {isa = PBXBuildFile; fileRef = 2FD589941C1660A300668951 /* Author.swift */; };
		2FD589991C16775C00668951 /* ArtistSongsTitleTableViewController.swift in Sources */ = {isa = PBXBuildFile; fileRef = 2FD589981C16775C00668951 /* ArtistSongsTitleTableViewController.swift */; };
		2FD5899A1C167CD300668951 /* TitlesTableViewController.swift in Sources */ = {isa = PBXBuildFile; fileRef = 2F5D3D5F1BC7A74E001C4B6F /* TitlesTableViewController.swift */; };
		2FD78E4C1C103A5D00A171B7 /* CustomTextSettingService.swift in Sources */ = {isa = PBXBuildFile; fileRef = 2FD78E4B1C103A5D00A171B7 /* CustomTextSettingService.swift */; };
		2FD78E4E1C103C1A00A171B7 /* RegexPatternMatcherService.swift in Sources */ = {isa = PBXBuildFile; fileRef = 2FD78E4D1C103C1A00A171B7 /* RegexPatternMatcherService.swift */; };
		625E81751BD664D000BE80B8 /* XmlParserService.swift in Sources */ = {isa = PBXBuildFile; fileRef = 625E81741BD664D000BE80B8 /* XmlParserService.swift */; };
		625E81761BD664D000BE80B8 /* XmlParserService.swift in Sources */ = {isa = PBXBuildFile; fileRef = 625E81741BD664D000BE80B8 /* XmlParserService.swift */; };
		625E81771BD664D000BE80B8 /* XmlParserService.swift in Sources */ = {isa = PBXBuildFile; fileRef = 625E81741BD664D000BE80B8 /* XmlParserService.swift */; };
		D6AF1CF1D5F3237D4C7C47DF /* Pods_worshipsongs.framework in Frameworks */ = {isa = PBXBuildFile; fileRef = D89603984522B1AB61A32715 /* Pods_worshipsongs.framework */; };
/* End PBXBuildFile section */

/* Begin PBXContainerItemProxy section */
		2F5D3D311BC788F8001C4B6F /* PBXContainerItemProxy */ = {
			isa = PBXContainerItemProxy;
			containerPortal = 2F5D3D121BC788F8001C4B6F /* Project object */;
			proxyType = 1;
			remoteGlobalIDString = 2F5D3D191BC788F8001C4B6F;
			remoteInfo = worshipsongs;
		};
		2F5D3D3C1BC788F8001C4B6F /* PBXContainerItemProxy */ = {
			isa = PBXContainerItemProxy;
			containerPortal = 2F5D3D121BC788F8001C4B6F /* Project object */;
			proxyType = 1;
			remoteGlobalIDString = 2F5D3D191BC788F8001C4B6F;
			remoteInfo = worshipsongs;
		};
/* End PBXContainerItemProxy section */

/* Begin PBXFileReference section */
		2F0BCA091D9D0E0000B8C16B /* libPods.a */ = {isa = PBXFileReference; lastKnownFileType = archive.ar; name = libPods.a; path = "Pods/../build/Debug-iphoneos/libPods.a"; sourceTree = "<group>"; };
		2F0BCA0B1D9D114B00B8C16B /* FMDB.framework */ = {isa = PBXFileReference; lastKnownFileType = wrapper.framework; name = FMDB.framework; path = "../../../../Library/Developer/Xcode/DerivedData/worshipsongs-glciooqfhxjknigyiwgebruvadtn/Build/Products/Debug-iphonesimulator/FMDB/FMDB.framework"; sourceTree = "<group>"; };
		2F56417C1BCB3A9700064269 /* SongsTableViewController.swift */ = {isa = PBXFileReference; fileEncoding = 4; lastKnownFileType = sourcecode.swift; path = SongsTableViewController.swift; sourceTree = "<group>"; };
		2F5A6A7E1C15624B001E8B93 /* SongsTabBarViewController.swift */ = {isa = PBXFileReference; fileEncoding = 4; lastKnownFileType = sourcecode.swift; path = SongsTabBarViewController.swift; sourceTree = "<group>"; };
		2F5D3D1A1BC788F8001C4B6F /* worshipsongs.app */ = {isa = PBXFileReference; explicitFileType = wrapper.application; includeInIndex = 0; path = worshipsongs.app; sourceTree = BUILT_PRODUCTS_DIR; };
		2F5D3D1D1BC788F8001C4B6F /* AppDelegate.swift */ = {isa = PBXFileReference; lastKnownFileType = sourcecode.swift; path = AppDelegate.swift; sourceTree = "<group>"; };
		2F5D3D241BC788F8001C4B6F /* Base */ = {isa = PBXFileReference; lastKnownFileType = file.storyboard; name = Base; path = Base.lproj/Main.storyboard; sourceTree = "<group>"; };
		2F5D3D261BC788F8001C4B6F /* Assets.xcassets */ = {isa = PBXFileReference; lastKnownFileType = folder.assetcatalog; path = Assets.xcassets; sourceTree = "<group>"; };
		2F5D3D291BC788F8001C4B6F /* Base */ = {isa = PBXFileReference; lastKnownFileType = file.storyboard; name = Base; path = Base.lproj/LaunchScreen.storyboard; sourceTree = "<group>"; };
		2F5D3D2B1BC788F8001C4B6F /* Info.plist */ = {isa = PBXFileReference; lastKnownFileType = text.plist.xml; path = Info.plist; sourceTree = "<group>"; };
		2F5D3D301BC788F8001C4B6F /* worshipsongsTests.xctest */ = {isa = PBXFileReference; explicitFileType = wrapper.cfbundle; includeInIndex = 0; path = worshipsongsTests.xctest; sourceTree = BUILT_PRODUCTS_DIR; };
		2F5D3D341BC788F8001C4B6F /* worshipsongsTests.swift */ = {isa = PBXFileReference; lastKnownFileType = sourcecode.swift; path = worshipsongsTests.swift; sourceTree = "<group>"; };
		2F5D3D361BC788F8001C4B6F /* Info.plist */ = {isa = PBXFileReference; lastKnownFileType = text.plist.xml; path = Info.plist; sourceTree = "<group>"; };
		2F5D3D3B1BC788F8001C4B6F /* worshipsongsUITests.xctest */ = {isa = PBXFileReference; explicitFileType = wrapper.cfbundle; includeInIndex = 0; path = worshipsongsUITests.xctest; sourceTree = BUILT_PRODUCTS_DIR; };
		2F5D3D3F1BC788F8001C4B6F /* worshipsongsUITests.swift */ = {isa = PBXFileReference; lastKnownFileType = sourcecode.swift; path = worshipsongsUITests.swift; sourceTree = "<group>"; };
		2F5D3D411BC788F8001C4B6F /* Info.plist */ = {isa = PBXFileReference; lastKnownFileType = text.plist.xml; path = Info.plist; sourceTree = "<group>"; };
		2F5D3D551BC78D51001C4B6F /* Songs.swift */ = {isa = PBXFileReference; fileEncoding = 4; lastKnownFileType = sourcecode.swift; path = Songs.swift; sourceTree = "<group>"; };
		2F5D3D591BC78DB8001C4B6F /* DatabaseHelper.swift */ = {isa = PBXFileReference; fileEncoding = 4; lastKnownFileType = sourcecode.swift; path = DatabaseHelper.swift; sourceTree = "<group>"; };
		2F5D3D5B1BC7A216001C4B6F /* CommonService.swift */ = {isa = PBXFileReference; fileEncoding = 4; lastKnownFileType = sourcecode.swift; path = CommonService.swift; sourceTree = "<group>"; };
		2F5D3D5E1BC7A5B3001C4B6F /* Bridging-Header.h */ = {isa = PBXFileReference; lastKnownFileType = sourcecode.c.h; path = "Bridging-Header.h"; sourceTree = "<group>"; };
		2F5D3D5F1BC7A74E001C4B6F /* TitlesTableViewController.swift */ = {isa = PBXFileReference; fileEncoding = 4; lastKnownFileType = sourcecode.swift; path = TitlesTableViewController.swift; sourceTree = "<group>"; };
		2F5D3D621BC7AD5E001C4B6F /* StringUtils.swift */ = {isa = PBXFileReference; fileEncoding = 4; lastKnownFileType = sourcecode.swift; path = StringUtils.swift; sourceTree = "<group>"; };
		2F5D3D671BC7BB46001C4B6F /* songs.sqlite */ = {isa = PBXFileReference; lastKnownFileType = file; path = songs.sqlite; sourceTree = "<group>"; };
		2FD589921C165FC300668951 /* ArtistsTableViewController.swift */ = {isa = PBXFileReference; fileEncoding = 4; lastKnownFileType = sourcecode.swift; path = ArtistsTableViewController.swift; sourceTree = "<group>"; };
		2FD589941C1660A300668951 /* Author.swift */ = {isa = PBXFileReference; fileEncoding = 4; lastKnownFileType = sourcecode.swift; path = Author.swift; sourceTree = "<group>"; };
		2FD589981C16775C00668951 /* ArtistSongsTitleTableViewController.swift */ = {isa = PBXFileReference; fileEncoding = 4; lastKnownFileType = sourcecode.swift; path = ArtistSongsTitleTableViewController.swift; sourceTree = "<group>"; };
		2FD78E4B1C103A5D00A171B7 /* CustomTextSettingService.swift */ = {isa = PBXFileReference; fileEncoding = 4; lastKnownFileType = sourcecode.swift; path = CustomTextSettingService.swift; sourceTree = "<group>"; };
		2FD78E4D1C103C1A00A171B7 /* RegexPatternMatcherService.swift */ = {isa = PBXFileReference; fileEncoding = 4; lastKnownFileType = sourcecode.swift; path = RegexPatternMatcherService.swift; sourceTree = "<group>"; };
		625E81741BD664D000BE80B8 /* XmlParserService.swift */ = {isa = PBXFileReference; fileEncoding = 4; lastKnownFileType = sourcecode.swift; path = XmlParserService.swift; sourceTree = "<group>"; };
		65AD99C220BDF6CA3406273C /* Pods-worshipsongs.release.xcconfig */ = {isa = PBXFileReference; includeInIndex = 1; lastKnownFileType = text.xcconfig; name = "Pods-worshipsongs.release.xcconfig"; path = "Pods/Target Support Files/Pods-worshipsongs/Pods-worshipsongs.release.xcconfig"; sourceTree = "<group>"; };
		92A94828ADAE25C3519ED806 /* Pods-worshipsongs.debug.xcconfig */ = {isa = PBXFileReference; includeInIndex = 1; lastKnownFileType = text.xcconfig; name = "Pods-worshipsongs.debug.xcconfig"; path = "Pods/Target Support Files/Pods-worshipsongs/Pods-worshipsongs.debug.xcconfig"; sourceTree = "<group>"; };
		D89603984522B1AB61A32715 /* Pods_worshipsongs.framework */ = {isa = PBXFileReference; explicitFileType = wrapper.framework; includeInIndex = 0; path = Pods_worshipsongs.framework; sourceTree = BUILT_PRODUCTS_DIR; };
/* End PBXFileReference section */

/* Begin PBXFrameworksBuildPhase section */
		2F5D3D171BC788F8001C4B6F /* Frameworks */ = {
			isa = PBXFrameworksBuildPhase;
			buildActionMask = 2147483647;
			files = (
				D6AF1CF1D5F3237D4C7C47DF /* Pods_worshipsongs.framework in Frameworks */,
			);
			runOnlyForDeploymentPostprocessing = 0;
		};
		2F5D3D2D1BC788F8001C4B6F /* Frameworks */ = {
			isa = PBXFrameworksBuildPhase;
			buildActionMask = 2147483647;
			files = (
			);
			runOnlyForDeploymentPostprocessing = 0;
		};
		2F5D3D381BC788F8001C4B6F /* Frameworks */ = {
			isa = PBXFrameworksBuildPhase;
			buildActionMask = 2147483647;
			files = (
			);
			runOnlyForDeploymentPostprocessing = 0;
		};
/* End PBXFrameworksBuildPhase section */

/* Begin PBXGroup section */
		1611C2B2A4FA5A6BE0CC88B1 /* Frameworks */ = {
			isa = PBXGroup;
			children = (
				2F0BCA0B1D9D114B00B8C16B /* FMDB.framework */,
				2F0BCA091D9D0E0000B8C16B /* libPods.a */,
				D89603984522B1AB61A32715 /* Pods_worshipsongs.framework */,
			);
			name = Frameworks;
			sourceTree = "<group>";
		};
		2F5D3D111BC788F8001C4B6F = {
			isa = PBXGroup;
			children = (
				2F5D3D1C1BC788F8001C4B6F /* worshipsongs */,
				2F5D3D331BC788F8001C4B6F /* worshipsongsTests */,
				2F5D3D3E1BC788F8001C4B6F /* worshipsongsUITests */,
				2F5D3D1B1BC788F8001C4B6F /* Products */,
				1611C2B2A4FA5A6BE0CC88B1 /* Frameworks */,
				ADE538838D71943655C3ED0C /* Pods */,
			);
			sourceTree = "<group>";
		};
		2F5D3D1B1BC788F8001C4B6F /* Products */ = {
			isa = PBXGroup;
			children = (
				2F5D3D1A1BC788F8001C4B6F /* worshipsongs.app */,
				2F5D3D301BC788F8001C4B6F /* worshipsongsTests.xctest */,
				2F5D3D3B1BC788F8001C4B6F /* worshipsongsUITests.xctest */,
			);
			name = Products;
			sourceTree = "<group>";
		};
		2F5D3D1C1BC788F8001C4B6F /* worshipsongs */ = {
			isa = PBXGroup;
			children = (
				2F5D3D5D1BC7A572001C4B6F /* vender */,
				2F5D3D571BC78D85001C4B6F /* Library */,
				2F5D3D541BC78D2B001C4B6F /* Model */,
				2F5D3D511BC78CCE001C4B6F /* Database */,
				2F5D3D501BC789E5001C4B6F /* Controllers */,
				2F5D3D4F1BC789A3001C4B6F /* Supporting Files */,
				2F5D3D4E1BC7896B001C4B6F /* Resources */,
				2F5D3D4D1BC78946001C4B6F /* Application */,
			);
			path = worshipsongs;
			sourceTree = "<group>";
		};
		2F5D3D331BC788F8001C4B6F /* worshipsongsTests */ = {
			isa = PBXGroup;
			children = (
				2F5D3D341BC788F8001C4B6F /* worshipsongsTests.swift */,
				2F5D3D361BC788F8001C4B6F /* Info.plist */,
			);
			path = worshipsongsTests;
			sourceTree = "<group>";
		};
		2F5D3D3E1BC788F8001C4B6F /* worshipsongsUITests */ = {
			isa = PBXGroup;
			children = (
				2F5D3D3F1BC788F8001C4B6F /* worshipsongsUITests.swift */,
				2F5D3D411BC788F8001C4B6F /* Info.plist */,
			);
			path = worshipsongsUITests;
			sourceTree = "<group>";
		};
		2F5D3D4D1BC78946001C4B6F /* Application */ = {
			isa = PBXGroup;
			children = (
				2F5D3D281BC788F8001C4B6F /* LaunchScreen.storyboard */,
				2F5D3D231BC788F8001C4B6F /* Main.storyboard */,
				2F5D3D1D1BC788F8001C4B6F /* AppDelegate.swift */,
			);
			name = Application;
			sourceTree = "<group>";
		};
		2F5D3D4E1BC7896B001C4B6F /* Resources */ = {
			isa = PBXGroup;
			children = (
				2F5D3D261BC788F8001C4B6F /* Assets.xcassets */,
			);
			name = Resources;
			sourceTree = "<group>";
		};
		2F5D3D4F1BC789A3001C4B6F /* Supporting Files */ = {
			isa = PBXGroup;
			children = (
				2F5D3D2B1BC788F8001C4B6F /* Info.plist */,
			);
			name = "Supporting Files";
			sourceTree = "<group>";
		};
		2F5D3D501BC789E5001C4B6F /* Controllers */ = {
			isa = PBXGroup;
			children = (
				2F5D3D5F1BC7A74E001C4B6F /* TitlesTableViewController.swift */,
				2F56417C1BCB3A9700064269 /* SongsTableViewController.swift */,
				2F5A6A7E1C15624B001E8B93 /* SongsTabBarViewController.swift */,
				2FD589921C165FC300668951 /* ArtistsTableViewController.swift */,
				2FD589981C16775C00668951 /* ArtistSongsTitleTableViewController.swift */,
			);
			name = Controllers;
			sourceTree = "<group>";
		};
		2F5D3D511BC78CCE001C4B6F /* Database */ = {
			isa = PBXGroup;
			children = (
				2F5D3D671BC7BB46001C4B6F /* songs.sqlite */,
			);
			name = Database;
			sourceTree = "<group>";
		};
		2F5D3D541BC78D2B001C4B6F /* Model */ = {
			isa = PBXGroup;
			children = (
				2F5D3D551BC78D51001C4B6F /* Songs.swift */,
				2FD589941C1660A300668951 /* Author.swift */,
			);
			name = Model;
			sourceTree = "<group>";
		};
		2F5D3D571BC78D85001C4B6F /* Library */ = {
			isa = PBXGroup;
			children = (
				2F5D3D611BC7AD30001C4B6F /* Utilities */,
				2F5D3D581BC78D97001C4B6F /* Service */,
			);
			name = Library;
			sourceTree = "<group>";
		};
		2F5D3D581BC78D97001C4B6F /* Service */ = {
			isa = PBXGroup;
			children = (
				2F5D3D591BC78DB8001C4B6F /* DatabaseHelper.swift */,
				2F5D3D5B1BC7A216001C4B6F /* CommonService.swift */,
				625E81741BD664D000BE80B8 /* XmlParserService.swift */,
				2FD78E4B1C103A5D00A171B7 /* CustomTextSettingService.swift */,
				2FD78E4D1C103C1A00A171B7 /* RegexPatternMatcherService.swift */,
			);
			name = Service;
			sourceTree = "<group>";
		};
		2F5D3D5D1BC7A572001C4B6F /* vender */ = {
			isa = PBXGroup;
			children = (
				2F5D3D5E1BC7A5B3001C4B6F /* Bridging-Header.h */,
			);
			name = vender;
			sourceTree = "<group>";
		};
		2F5D3D611BC7AD30001C4B6F /* Utilities */ = {
			isa = PBXGroup;
			children = (
				2F5D3D621BC7AD5E001C4B6F /* StringUtils.swift */,
			);
			name = Utilities;
			sourceTree = "<group>";
		};
		ADE538838D71943655C3ED0C /* Pods */ = {
			isa = PBXGroup;
			children = (
				92A94828ADAE25C3519ED806 /* Pods-worshipsongs.debug.xcconfig */,
				65AD99C220BDF6CA3406273C /* Pods-worshipsongs.release.xcconfig */,
			);
			name = Pods;
			sourceTree = "<group>";
		};
/* End PBXGroup section */

/* Begin PBXNativeTarget section */
		2F5D3D191BC788F8001C4B6F /* worshipsongs */ = {
			isa = PBXNativeTarget;
			buildConfigurationList = 2F5D3D441BC788F8001C4B6F /* Build configuration list for PBXNativeTarget "worshipsongs" */;
			buildPhases = (
				1D11EAAC9B79A31ECC168C88 /* [CP] Check Pods Manifest.lock */,
				2F5D3D161BC788F8001C4B6F /* Sources */,
				2F5D3D171BC788F8001C4B6F /* Frameworks */,
				2F5D3D181BC788F8001C4B6F /* Resources */,
				81CF56AB11D609CB2DAB0E79 /* [CP] Embed Pods Frameworks */,
				6B15BFCE208CA0CCB7FAA0F8 /* [CP] Copy Pods Resources */,
			);
			buildRules = (
			);
			dependencies = (
			);
			name = worshipsongs;
			productName = worshipsongs;
			productReference = 2F5D3D1A1BC788F8001C4B6F /* worshipsongs.app */;
			productType = "com.apple.product-type.application";
		};
		2F5D3D2F1BC788F8001C4B6F /* worshipsongsTests */ = {
			isa = PBXNativeTarget;
			buildConfigurationList = 2F5D3D471BC788F8001C4B6F /* Build configuration list for PBXNativeTarget "worshipsongsTests" */;
			buildPhases = (
				2F5D3D2C1BC788F8001C4B6F /* Sources */,
				2F5D3D2D1BC788F8001C4B6F /* Frameworks */,
				2F5D3D2E1BC788F8001C4B6F /* Resources */,
			);
			buildRules = (
			);
			dependencies = (
				2F5D3D321BC788F8001C4B6F /* PBXTargetDependency */,
			);
			name = worshipsongsTests;
			productName = worshipsongsTests;
			productReference = 2F5D3D301BC788F8001C4B6F /* worshipsongsTests.xctest */;
			productType = "com.apple.product-type.bundle.unit-test";
		};
		2F5D3D3A1BC788F8001C4B6F /* worshipsongsUITests */ = {
			isa = PBXNativeTarget;
			buildConfigurationList = 2F5D3D4A1BC788F8001C4B6F /* Build configuration list for PBXNativeTarget "worshipsongsUITests" */;
			buildPhases = (
				2F5D3D371BC788F8001C4B6F /* Sources */,
				2F5D3D381BC788F8001C4B6F /* Frameworks */,
				2F5D3D391BC788F8001C4B6F /* Resources */,
			);
			buildRules = (
			);
			dependencies = (
				2F5D3D3D1BC788F8001C4B6F /* PBXTargetDependency */,
			);
			name = worshipsongsUITests;
			productName = worshipsongsUITests;
			productReference = 2F5D3D3B1BC788F8001C4B6F /* worshipsongsUITests.xctest */;
			productType = "com.apple.product-type.bundle.ui-testing";
		};
/* End PBXNativeTarget section */

/* Begin PBXProject section */
		2F5D3D121BC788F8001C4B6F /* Project object */ = {
			isa = PBXProject;
			attributes = {
				LastUpgradeCheck = 0800;
				ORGANIZATIONNAME = "Vignesh Palanisamy";
				TargetAttributes = {
					2F5D3D191BC788F8001C4B6F = {
						CreatedOnToolsVersion = 7.0.1;
						DevelopmentTeam = 7W474V4EGY;
						LastSwiftMigration = 0800;
					};
					2F5D3D2F1BC788F8001C4B6F = {
						CreatedOnToolsVersion = 7.0.1;
						LastSwiftMigration = 0800;
						TestTargetID = 2F5D3D191BC788F8001C4B6F;
					};
					2F5D3D3A1BC788F8001C4B6F = {
						CreatedOnToolsVersion = 7.0.1;
						LastSwiftMigration = 0800;
						TestTargetID = 2F5D3D191BC788F8001C4B6F;
					};
				};
			};
			buildConfigurationList = 2F5D3D151BC788F8001C4B6F /* Build configuration list for PBXProject "worshipsongs" */;
			compatibilityVersion = "Xcode 3.2";
			developmentRegion = English;
			hasScannedForEncodings = 0;
			knownRegions = (
				en,
				Base,
			);
			mainGroup = 2F5D3D111BC788F8001C4B6F;
			productRefGroup = 2F5D3D1B1BC788F8001C4B6F /* Products */;
			projectDirPath = "";
			projectRoot = "";
			targets = (
				2F5D3D191BC788F8001C4B6F /* worshipsongs */,
				2F5D3D2F1BC788F8001C4B6F /* worshipsongsTests */,
				2F5D3D3A1BC788F8001C4B6F /* worshipsongsUITests */,
			);
		};
/* End PBXProject section */

/* Begin PBXResourcesBuildPhase section */
		2F5D3D181BC788F8001C4B6F /* Resources */ = {
			isa = PBXResourcesBuildPhase;
			buildActionMask = 2147483647;
			files = (
				2F5D3D2A1BC788F8001C4B6F /* LaunchScreen.storyboard in Resources */,
				2F5D3D681BC7BB46001C4B6F /* songs.sqlite in Resources */,
				2FCEFC901D6C42CD008A2180 /* Assets.xcassets in Resources */,
				2F5D3D251BC788F8001C4B6F /* Main.storyboard in Resources */,
			);
			runOnlyForDeploymentPostprocessing = 0;
		};
		2F5D3D2E1BC788F8001C4B6F /* Resources */ = {
			isa = PBXResourcesBuildPhase;
			buildActionMask = 2147483647;
			files = (
			);
			runOnlyForDeploymentPostprocessing = 0;
		};
		2F5D3D391BC788F8001C4B6F /* Resources */ = {
			isa = PBXResourcesBuildPhase;
			buildActionMask = 2147483647;
			files = (
			);
			runOnlyForDeploymentPostprocessing = 0;
		};
/* End PBXResourcesBuildPhase section */

/* Begin PBXShellScriptBuildPhase section */
		1D11EAAC9B79A31ECC168C88 /* [CP] Check Pods Manifest.lock */ = {
			isa = PBXShellScriptBuildPhase;
			buildActionMask = 2147483647;
			files = (
			);
			inputPaths = (
			);
			name = "[CP] Check Pods Manifest.lock";
			outputPaths = (
			);
			runOnlyForDeploymentPostprocessing = 0;
			shellPath = /bin/sh;
			shellScript = "diff \"${PODS_ROOT}/../Podfile.lock\" \"${PODS_ROOT}/Manifest.lock\" > /dev/null\nif [[ $? != 0 ]] ; then\n    cat << EOM\nerror: The sandbox is not in sync with the Podfile.lock. Run 'pod install' or update your CocoaPods installation.\nEOM\n    exit 1\nfi\n";
			showEnvVarsInLog = 0;
		};
		6B15BFCE208CA0CCB7FAA0F8 /* [CP] Copy Pods Resources */ = {
			isa = PBXShellScriptBuildPhase;
			buildActionMask = 2147483647;
			files = (
			);
			inputPaths = (
			);
			name = "[CP] Copy Pods Resources";
			outputPaths = (
			);
			runOnlyForDeploymentPostprocessing = 0;
			shellPath = /bin/sh;
			shellScript = "\"${SRCROOT}/Pods/Target Support Files/Pods-worshipsongs/Pods-worshipsongs-resources.sh\"\n";
			showEnvVarsInLog = 0;
		};
		81CF56AB11D609CB2DAB0E79 /* [CP] Embed Pods Frameworks */ = {
			isa = PBXShellScriptBuildPhase;
			buildActionMask = 2147483647;
			files = (
			);
			inputPaths = (
			);
			name = "[CP] Embed Pods Frameworks";
			outputPaths = (
			);
			runOnlyForDeploymentPostprocessing = 0;
			shellPath = /bin/sh;
			shellScript = "\"${SRCROOT}/Pods/Target Support Files/Pods-worshipsongs/Pods-worshipsongs-frameworks.sh\"\n";
			showEnvVarsInLog = 0;
		};
/* End PBXShellScriptBuildPhase section */

/* Begin PBXSourcesBuildPhase section */
		2F5D3D161BC788F8001C4B6F /* Sources */ = {
			isa = PBXSourcesBuildPhase;
			buildActionMask = 2147483647;
			files = (
				2F5D3D561BC78D51001C4B6F /* Songs.swift in Sources */,
				2F5D3D5A1BC78DB8001C4B6F /* DatabaseHelper.swift in Sources */,
				2F56417D1BCB3A9700064269 /* SongsTableViewController.swift in Sources */,
				625E81751BD664D000BE80B8 /* XmlParserService.swift in Sources */,
				2F5D3D5C1BC7A216001C4B6F /* CommonService.swift in Sources */,
				2FD589991C16775C00668951 /* ArtistSongsTitleTableViewController.swift in Sources */,
				2FC217A61D6E8F5700AD419F /* StringUtils.swift in Sources */,
				2FD5899A1C167CD300668951 /* TitlesTableViewController.swift in Sources */,
				2F5D3D1E1BC788F8001C4B6F /* AppDelegate.swift in Sources */,
				2FD589951C1660A300668951 /* Author.swift in Sources */,
				2F5A6A7F1C15624B001E8B93 /* SongsTabBarViewController.swift in Sources */,
				2FD78E4E1C103C1A00A171B7 /* RegexPatternMatcherService.swift in Sources */,
				2FD589931C165FC400668951 /* ArtistsTableViewController.swift in Sources */,
				2FD78E4C1C103A5D00A171B7 /* CustomTextSettingService.swift in Sources */,
			);
			runOnlyForDeploymentPostprocessing = 0;
		};
		2F5D3D2C1BC788F8001C4B6F /* Sources */ = {
			isa = PBXSourcesBuildPhase;
			buildActionMask = 2147483647;
			files = (
				625E81761BD664D000BE80B8 /* XmlParserService.swift in Sources */,
				2F5D3D351BC788F8001C4B6F /* worshipsongsTests.swift in Sources */,
			);
			runOnlyForDeploymentPostprocessing = 0;
		};
		2F5D3D371BC788F8001C4B6F /* Sources */ = {
			isa = PBXSourcesBuildPhase;
			buildActionMask = 2147483647;
			files = (
				625E81771BD664D000BE80B8 /* XmlParserService.swift in Sources */,
				2F5D3D401BC788F8001C4B6F /* worshipsongsUITests.swift in Sources */,
			);
			runOnlyForDeploymentPostprocessing = 0;
		};
/* End PBXSourcesBuildPhase section */

/* Begin PBXTargetDependency section */
		2F5D3D321BC788F8001C4B6F /* PBXTargetDependency */ = {
			isa = PBXTargetDependency;
			target = 2F5D3D191BC788F8001C4B6F /* worshipsongs */;
			targetProxy = 2F5D3D311BC788F8001C4B6F /* PBXContainerItemProxy */;
		};
		2F5D3D3D1BC788F8001C4B6F /* PBXTargetDependency */ = {
			isa = PBXTargetDependency;
			target = 2F5D3D191BC788F8001C4B6F /* worshipsongs */;
			targetProxy = 2F5D3D3C1BC788F8001C4B6F /* PBXContainerItemProxy */;
		};
/* End PBXTargetDependency section */

/* Begin PBXVariantGroup section */
		2F5D3D231BC788F8001C4B6F /* Main.storyboard */ = {
			isa = PBXVariantGroup;
			children = (
				2F5D3D241BC788F8001C4B6F /* Base */,
			);
			name = Main.storyboard;
			sourceTree = "<group>";
		};
		2F5D3D281BC788F8001C4B6F /* LaunchScreen.storyboard */ = {
			isa = PBXVariantGroup;
			children = (
				2F5D3D291BC788F8001C4B6F /* Base */,
			);
			name = LaunchScreen.storyboard;
			sourceTree = "<group>";
		};
/* End PBXVariantGroup section */

/* Begin XCBuildConfiguration section */
		2F5D3D421BC788F8001C4B6F /* Debug */ = {
			isa = XCBuildConfiguration;
			buildSettings = {
				ALWAYS_SEARCH_USER_PATHS = NO;
				CLANG_CXX_LANGUAGE_STANDARD = "gnu++0x";
				CLANG_CXX_LIBRARY = "libc++";
				CLANG_ENABLE_MODULES = YES;
				CLANG_ENABLE_OBJC_ARC = YES;
				CLANG_WARN_BOOL_CONVERSION = YES;
				CLANG_WARN_CONSTANT_CONVERSION = YES;
				CLANG_WARN_DIRECT_OBJC_ISA_USAGE = YES_ERROR;
				CLANG_WARN_EMPTY_BODY = YES;
				CLANG_WARN_ENUM_CONVERSION = YES;
				CLANG_WARN_INFINITE_RECURSION = YES;
				CLANG_WARN_INT_CONVERSION = YES;
				CLANG_WARN_OBJC_ROOT_CLASS = YES_ERROR;
				CLANG_WARN_SUSPICIOUS_MOVE = YES;
				CLANG_WARN_UNREACHABLE_CODE = YES;
				CLANG_WARN__DUPLICATE_METHOD_MATCH = YES;
				CODE_SIGN_IDENTITY = "iPhone Developer";
				"CODE_SIGN_IDENTITY[sdk=iphoneos*]" = "iPhone Developer";
				COPY_PHASE_STRIP = NO;
				CURRENT_PROJECT_VERSION = 9;
				DEBUG_INFORMATION_FORMAT = dwarf;
				ENABLE_STRICT_OBJC_MSGSEND = YES;
				ENABLE_TESTABILITY = YES;
				GCC_C_LANGUAGE_STANDARD = gnu99;
				GCC_DYNAMIC_NO_PIC = NO;
				GCC_NO_COMMON_BLOCKS = YES;
				GCC_OPTIMIZATION_LEVEL = 0;
				GCC_PREPROCESSOR_DEFINITIONS = (
					"DEBUG=1",
					"$(inherited)",
				);
				GCC_WARN_64_TO_32_BIT_CONVERSION = YES;
				GCC_WARN_ABOUT_RETURN_TYPE = YES_ERROR;
				GCC_WARN_UNDECLARED_SELECTOR = YES;
				GCC_WARN_UNINITIALIZED_AUTOS = YES_AGGRESSIVE;
				GCC_WARN_UNUSED_FUNCTION = YES;
				GCC_WARN_UNUSED_VARIABLE = YES;
				IPHONEOS_DEPLOYMENT_TARGET = 9.0;
				MTL_ENABLE_DEBUG_INFO = YES;
				ONLY_ACTIVE_ARCH = YES;
				SDKROOT = iphoneos;
				SWIFT_OBJC_BRIDGING_HEADER = "worshipsongs/Bridging-Header.h";
				SWIFT_OPTIMIZATION_LEVEL = "-Onone";
				TARGETED_DEVICE_FAMILY = "1,2";
				VERSIONING_SYSTEM = "apple-generic";
			};
			name = Debug;
		};
		2F5D3D431BC788F8001C4B6F /* Release */ = {
			isa = XCBuildConfiguration;
			buildSettings = {
				ALWAYS_SEARCH_USER_PATHS = NO;
				CLANG_CXX_LANGUAGE_STANDARD = "gnu++0x";
				CLANG_CXX_LIBRARY = "libc++";
				CLANG_ENABLE_MODULES = YES;
				CLANG_ENABLE_OBJC_ARC = YES;
				CLANG_WARN_BOOL_CONVERSION = YES;
				CLANG_WARN_CONSTANT_CONVERSION = YES;
				CLANG_WARN_DIRECT_OBJC_ISA_USAGE = YES_ERROR;
				CLANG_WARN_EMPTY_BODY = YES;
				CLANG_WARN_ENUM_CONVERSION = YES;
				CLANG_WARN_INFINITE_RECURSION = YES;
				CLANG_WARN_INT_CONVERSION = YES;
				CLANG_WARN_OBJC_ROOT_CLASS = YES_ERROR;
				CLANG_WARN_SUSPICIOUS_MOVE = YES;
				CLANG_WARN_UNREACHABLE_CODE = YES;
				CLANG_WARN__DUPLICATE_METHOD_MATCH = YES;
				CODE_SIGN_IDENTITY = "iPhone Distribution";
				"CODE_SIGN_IDENTITY[sdk=iphoneos*]" = "iPhone Distribution";
				COPY_PHASE_STRIP = NO;
				CURRENT_PROJECT_VERSION = 9;
				DEBUG_INFORMATION_FORMAT = "dwarf-with-dsym";
				ENABLE_NS_ASSERTIONS = NO;
				ENABLE_STRICT_OBJC_MSGSEND = YES;
				GCC_C_LANGUAGE_STANDARD = gnu99;
				GCC_NO_COMMON_BLOCKS = YES;
				GCC_WARN_64_TO_32_BIT_CONVERSION = YES;
				GCC_WARN_ABOUT_RETURN_TYPE = YES_ERROR;
				GCC_WARN_UNDECLARED_SELECTOR = YES;
				GCC_WARN_UNINITIALIZED_AUTOS = YES_AGGRESSIVE;
				GCC_WARN_UNUSED_FUNCTION = YES;
				GCC_WARN_UNUSED_VARIABLE = YES;
				IPHONEOS_DEPLOYMENT_TARGET = 9.0;
				MTL_ENABLE_DEBUG_INFO = NO;
				SDKROOT = iphoneos;
				SWIFT_OBJC_BRIDGING_HEADER = "worshipsongs/Bridging-Header.h";
				SWIFT_OPTIMIZATION_LEVEL = "-Owholemodule";
				TARGETED_DEVICE_FAMILY = "1,2";
				VALIDATE_PRODUCT = YES;
				VERSIONING_SYSTEM = "apple-generic";
			};
			name = Release;
		};
		2F5D3D451BC788F8001C4B6F /* Debug */ = {
			isa = XCBuildConfiguration;
			baseConfigurationReference = 92A94828ADAE25C3519ED806 /* Pods-worshipsongs.debug.xcconfig */;
			buildSettings = {
				ASSETCATALOG_COMPILER_APPICON_NAME = AppIcon;
				CODE_SIGN_IDENTITY = "iPhone Developer";
				DEVELOPMENT_TEAM = 7W474V4EGY;
				INFOPLIST_FILE = worshipsongs/Info.plist;
				LD_RUNPATH_SEARCH_PATHS = "$(inherited) @executable_path/Frameworks";
				LIBRARY_SEARCH_PATHS = (
					"$(inherited)",
					"$(PROJECT_DIR)/build/Debug-iphoneos",
				);
				PRODUCT_BUNDLE_IDENTIFIER = com.mcruncher.worshipsongs;
				PRODUCT_NAME = "$(TARGET_NAME)";
				SWIFT_VERSION = 3.0;
			};
			name = Debug;
		};
		2F5D3D461BC788F8001C4B6F /* Release */ = {
			isa = XCBuildConfiguration;
			baseConfigurationReference = 65AD99C220BDF6CA3406273C /* Pods-worshipsongs.release.xcconfig */;
			buildSettings = {
				ASSETCATALOG_COMPILER_APPICON_NAME = AppIcon;
				CODE_SIGN_IDENTITY = "iPhone Developer";
				"CODE_SIGN_IDENTITY[sdk=iphoneos*]" = "iPhone Developer";
				DEVELOPMENT_TEAM = 7W474V4EGY;
				INFOPLIST_FILE = worshipsongs/Info.plist;
				LD_RUNPATH_SEARCH_PATHS = "$(inherited) @executable_path/Frameworks";
				LIBRARY_SEARCH_PATHS = (
					"$(inherited)",
					"$(PROJECT_DIR)/build/Debug-iphoneos",
				);
				PRODUCT_BUNDLE_IDENTIFIER = com.mcruncher.worshipsongs;
				PRODUCT_NAME = "$(TARGET_NAME)";
				SWIFT_VERSION = 3.0;
			};
			name = Release;
		};
		2F5D3D481BC788F8001C4B6F /* Debug */ = {
			isa = XCBuildConfiguration;
			buildSettings = {
				BUNDLE_LOADER = "$(TEST_HOST)";
				INFOPLIST_FILE = worshipsongsTests/Info.plist;
				LD_RUNPATH_SEARCH_PATHS = "$(inherited) @executable_path/Frameworks @loader_path/Frameworks";
				PRODUCT_BUNDLE_IDENTIFIER = crunchersaspire.worshipsongsTests;
				PRODUCT_NAME = "$(TARGET_NAME)";
				SWIFT_VERSION = 3.0;
				TEST_HOST = "$(BUILT_PRODUCTS_DIR)/worshipsongs.app/worshipsongs";
			};
			name = Debug;
		};
		2F5D3D491BC788F8001C4B6F /* Release */ = {
			isa = XCBuildConfiguration;
			buildSettings = {
				BUNDLE_LOADER = "$(TEST_HOST)";
				INFOPLIST_FILE = worshipsongsTests/Info.plist;
				LD_RUNPATH_SEARCH_PATHS = "$(inherited) @executable_path/Frameworks @loader_path/Frameworks";
				PRODUCT_BUNDLE_IDENTIFIER = crunchersaspire.worshipsongsTests;
				PRODUCT_NAME = "$(TARGET_NAME)";
				SWIFT_VERSION = 3.0;
				TEST_HOST = "$(BUILT_PRODUCTS_DIR)/worshipsongs.app/worshipsongs";
			};
			name = Release;
		};
		2F5D3D4B1BC788F8001C4B6F /* Debug */ = {
			isa = XCBuildConfiguration;
			buildSettings = {
				INFOPLIST_FILE = worshipsongsUITests/Info.plist;
				LD_RUNPATH_SEARCH_PATHS = "$(inherited) @executable_path/Frameworks @loader_path/Frameworks";
				PRODUCT_BUNDLE_IDENTIFIER = crunchersaspire.worshipsongsUITests;
				PRODUCT_NAME = "$(TARGET_NAME)";
				SWIFT_VERSION = 3.0;
				TEST_TARGET_NAME = worshipsongs;
				USES_XCTRUNNER = YES;
			};
			name = Debug;
		};
		2F5D3D4C1BC788F8001C4B6F /* Release */ = {
			isa = XCBuildConfiguration;
			buildSettings = {
				INFOPLIST_FILE = worshipsongsUITests/Info.plist;
				LD_RUNPATH_SEARCH_PATHS = "$(inherited) @executable_path/Frameworks @loader_path/Frameworks";
				PRODUCT_BUNDLE_IDENTIFIER = crunchersaspire.worshipsongsUITests;
				PRODUCT_NAME = "$(TARGET_NAME)";
				SWIFT_VERSION = 3.0;
				TEST_TARGET_NAME = worshipsongs;
				USES_XCTRUNNER = YES;
			};
			name = Release;
		};
/* End XCBuildConfiguration section */

/* Begin XCConfigurationList section */
		2F5D3D151BC788F8001C4B6F /* Build configuration list for PBXProject "worshipsongs" */ = {
			isa = XCConfigurationList;
			buildConfigurations = (
				2F5D3D421BC788F8001C4B6F /* Debug */,
				2F5D3D431BC788F8001C4B6F /* Release */,
			);
			defaultConfigurationIsVisible = 0;
			defaultConfigurationName = Release;
		};
		2F5D3D441BC788F8001C4B6F /* Build configuration list for PBXNativeTarget "worshipsongs" */ = {
			isa = XCConfigurationList;
			buildConfigurations = (
				2F5D3D451BC788F8001C4B6F /* Debug */,
				2F5D3D461BC788F8001C4B6F /* Release */,
			);
			defaultConfigurationIsVisible = 0;
			defaultConfigurationName = Release;
		};
		2F5D3D471BC788F8001C4B6F /* Build configuration list for PBXNativeTarget "worshipsongsTests" */ = {
			isa = XCConfigurationList;
			buildConfigurations = (
				2F5D3D481BC788F8001C4B6F /* Debug */,
				2F5D3D491BC788F8001C4B6F /* Release */,
			);
			defaultConfigurationIsVisible = 0;
			defaultConfigurationName = Release;
		};
		2F5D3D4A1BC788F8001C4B6F /* Build configuration list for PBXNativeTarget "worshipsongsUITests" */ = {
			isa = XCConfigurationList;
			buildConfigurations = (
				2F5D3D4B1BC788F8001C4B6F /* Debug */,
				2F5D3D4C1BC788F8001C4B6F /* Release */,
			);
			defaultConfigurationIsVisible = 0;
			defaultConfigurationName = Release;
		};
/* End XCConfigurationList section */
	};
	rootObject = 2F5D3D121BC788F8001C4B6F /* Project object */;
}
